// !$*UTF8*$!
{
	archiveVersion = 1;
	classes = {
	};
	objectVersion = 46;
	objects = {

/* Begin PBXBuildFile section */
		88B3233D1A86D5E3007FB904 /* TableViewController.swift in Sources */ = {isa = PBXBuildFile; fileRef = 88B3233C1A86D5E3007FB904 /* TableViewController.swift */; };
		88B3233F1A86D5ED007FB904 /* CollectionViewController.swift in Sources */ = {isa = PBXBuildFile; fileRef = 88B3233E1A86D5ED007FB904 /* CollectionViewController.swift */; };
		88BD673F1A99572F00F93FA6 /* Model.xcdatamodeld in Sources */ = {isa = PBXBuildFile; fileRef = 88BD673D1A99572F00F93FA6 /* Model.xcdatamodeld */; };
		88BD67411A99577000F93FA6 /* Thing.swift in Sources */ = {isa = PBXBuildFile; fileRef = 88BD67401A99577000F93FA6 /* Thing.swift */; };
		88BD67471A99597600F93FA6 /* FetchedTableViewController.swift in Sources */ = {isa = PBXBuildFile; fileRef = 88BD67461A99597600F93FA6 /* FetchedTableViewController.swift */; };
		88BD67491A9959F500F93FA6 /* FetchedCollectionViewController.swift in Sources */ = {isa = PBXBuildFile; fileRef = 88BD67481A9959F500F93FA6 /* FetchedCollectionViewController.swift */; };
		88C9777A1A87115D0085C350 /* TableViewCell.swift in Sources */ = {isa = PBXBuildFile; fileRef = 88C977781A87115D0085C350 /* TableViewCell.swift */; };
		88C9777B1A87115D0085C350 /* TableViewCell.xib in Resources */ = {isa = PBXBuildFile; fileRef = 88C977791A87115D0085C350 /* TableViewCell.xib */; };
		88D21DA31A9932BD00E736DC /* CollectionViewCell.swift in Sources */ = {isa = PBXBuildFile; fileRef = 88D21DA21A9932BD00E736DC /* CollectionViewCell.swift */; };
		88D21DA61A9932CD00E736DC /* CollectionViewCell.xib in Resources */ = {isa = PBXBuildFile; fileRef = 88D21DA51A9932CD00E736DC /* CollectionViewCell.xib */; };
		88DB89C71A86D1A900DED153 /* AppDelegate.swift in Sources */ = {isa = PBXBuildFile; fileRef = 88DB89C61A86D1A900DED153 /* AppDelegate.swift */; };
		88DB89C91A86D1A900DED153 /* ViewController.swift in Sources */ = {isa = PBXBuildFile; fileRef = 88DB89C81A86D1A900DED153 /* ViewController.swift */; };
		88DB89CC1A86D1A900DED153 /* Main.storyboard in Resources */ = {isa = PBXBuildFile; fileRef = 88DB89CA1A86D1A900DED153 /* Main.storyboard */; };
		88DB89CE1A86D1A900DED153 /* Images.xcassets in Resources */ = {isa = PBXBuildFile; fileRef = 88DB89CD1A86D1A900DED153 /* Images.xcassets */; };
		88DB89D11A86D1A900DED153 /* LaunchScreen.xib in Resources */ = {isa = PBXBuildFile; fileRef = 88DB89CF1A86D1A900DED153 /* LaunchScreen.xib */; };
		88DB89DD1A86D1A900DED153 /* ExampleTests.swift in Sources */ = {isa = PBXBuildFile; fileRef = 88DB89DC1A86D1A900DED153 /* ExampleTests.swift */; };
		88DB89F61A86D21B00DED153 /* JSQDataSourcesKit.framework in Frameworks */ = {isa = PBXBuildFile; fileRef = 88DB89EC1A86D1BC00DED153 /* JSQDataSourcesKit.framework */; };
		88DB89F71A86D21B00DED153 /* JSQDataSourcesKit.framework in Embed Frameworks */ = {isa = PBXBuildFile; fileRef = 88DB89EC1A86D1BC00DED153 /* JSQDataSourcesKit.framework */; settings = {ATTRIBUTES = (CodeSignOnCopy, RemoveHeadersOnCopy, ); }; };
/* End PBXBuildFile section */

/* Begin PBXContainerItemProxy section */
		88DB89D71A86D1A900DED153 /* PBXContainerItemProxy */ = {
			isa = PBXContainerItemProxy;
			containerPortal = 88DB89B91A86D1A900DED153 /* Project object */;
			proxyType = 1;
			remoteGlobalIDString = 88DB89C01A86D1A900DED153;
			remoteInfo = Example;
		};
		88DB89EB1A86D1BC00DED153 /* PBXContainerItemProxy */ = {
			isa = PBXContainerItemProxy;
			containerPortal = 88DB89E61A86D1BC00DED153 /* JSQDataSourcesKit.xcodeproj */;
			proxyType = 2;
			remoteGlobalIDString = 88DB897C1A86D0C900DED153;
			remoteInfo = JSQDataSourcesKit;
		};
		88DB89ED1A86D1BC00DED153 /* PBXContainerItemProxy */ = {
			isa = PBXContainerItemProxy;
			containerPortal = 88DB89E61A86D1BC00DED153 /* JSQDataSourcesKit.xcodeproj */;
			proxyType = 2;
			remoteGlobalIDString = 88DB89871A86D0C900DED153;
			remoteInfo = JSQDataSourcesKitTests;
		};
		88DB89F81A86D21B00DED153 /* PBXContainerItemProxy */ = {
			isa = PBXContainerItemProxy;
			containerPortal = 88DB89E61A86D1BC00DED153 /* JSQDataSourcesKit.xcodeproj */;
			proxyType = 1;
			remoteGlobalIDString = 88DB897B1A86D0C900DED153;
			remoteInfo = JSQDataSourcesKit;
		};
/* End PBXContainerItemProxy section */

/* Begin PBXCopyFilesBuildPhase section */
		88DB89FA1A86D21C00DED153 /* Embed Frameworks */ = {
			isa = PBXCopyFilesBuildPhase;
			buildActionMask = 2147483647;
			dstPath = "";
			dstSubfolderSpec = 10;
			files = (
				88DB89F71A86D21B00DED153 /* JSQDataSourcesKit.framework in Embed Frameworks */,
			);
			name = "Embed Frameworks";
			runOnlyForDeploymentPostprocessing = 0;
		};
/* End PBXCopyFilesBuildPhase section */

/* Begin PBXFileReference section */
		88B3233C1A86D5E3007FB904 /* TableViewController.swift */ = {isa = PBXFileReference; fileEncoding = 4; lastKnownFileType = sourcecode.swift; path = TableViewController.swift; sourceTree = "<group>"; };
		88B3233E1A86D5ED007FB904 /* CollectionViewController.swift */ = {isa = PBXFileReference; fileEncoding = 4; lastKnownFileType = sourcecode.swift; path = CollectionViewController.swift; sourceTree = "<group>"; };
		88BD673E1A99572F00F93FA6 /* Model.xcdatamodel */ = {isa = PBXFileReference; lastKnownFileType = wrapper.xcdatamodel; path = Model.xcdatamodel; sourceTree = "<group>"; };
		88BD67401A99577000F93FA6 /* Thing.swift */ = {isa = PBXFileReference; fileEncoding = 4; lastKnownFileType = sourcecode.swift; path = Thing.swift; sourceTree = "<group>"; };
		88BD67461A99597600F93FA6 /* FetchedTableViewController.swift */ = {isa = PBXFileReference; fileEncoding = 4; lastKnownFileType = sourcecode.swift; path = FetchedTableViewController.swift; sourceTree = "<group>"; };
		88BD67481A9959F500F93FA6 /* FetchedCollectionViewController.swift */ = {isa = PBXFileReference; fileEncoding = 4; lastKnownFileType = sourcecode.swift; path = FetchedCollectionViewController.swift; sourceTree = "<group>"; };
		88C977781A87115D0085C350 /* TableViewCell.swift */ = {isa = PBXFileReference; fileEncoding = 4; lastKnownFileType = sourcecode.swift; path = TableViewCell.swift; sourceTree = "<group>"; };
		88C977791A87115D0085C350 /* TableViewCell.xib */ = {isa = PBXFileReference; fileEncoding = 4; lastKnownFileType = file.xib; path = TableViewCell.xib; sourceTree = "<group>"; };
		88D21DA21A9932BD00E736DC /* CollectionViewCell.swift */ = {isa = PBXFileReference; fileEncoding = 4; lastKnownFileType = sourcecode.swift; path = CollectionViewCell.swift; sourceTree = "<group>"; };
		88D21DA51A9932CD00E736DC /* CollectionViewCell.xib */ = {isa = PBXFileReference; fileEncoding = 4; lastKnownFileType = file.xib; path = CollectionViewCell.xib; sourceTree = "<group>"; };
		88DB89C11A86D1A900DED153 /* Example.app */ = {isa = PBXFileReference; explicitFileType = wrapper.application; includeInIndex = 0; path = Example.app; sourceTree = BUILT_PRODUCTS_DIR; };
		88DB89C51A86D1A900DED153 /* Info.plist */ = {isa = PBXFileReference; lastKnownFileType = text.plist.xml; path = Info.plist; sourceTree = "<group>"; };
		88DB89C61A86D1A900DED153 /* AppDelegate.swift */ = {isa = PBXFileReference; lastKnownFileType = sourcecode.swift; path = AppDelegate.swift; sourceTree = "<group>"; };
		88DB89C81A86D1A900DED153 /* ViewController.swift */ = {isa = PBXFileReference; lastKnownFileType = sourcecode.swift; path = ViewController.swift; sourceTree = "<group>"; };
		88DB89CB1A86D1A900DED153 /* Base */ = {isa = PBXFileReference; lastKnownFileType = file.storyboard; name = Base; path = Base.lproj/Main.storyboard; sourceTree = "<group>"; };
		88DB89CD1A86D1A900DED153 /* Images.xcassets */ = {isa = PBXFileReference; lastKnownFileType = folder.assetcatalog; path = Images.xcassets; sourceTree = "<group>"; };
		88DB89D01A86D1A900DED153 /* Base */ = {isa = PBXFileReference; lastKnownFileType = file.xib; name = Base; path = Base.lproj/LaunchScreen.xib; sourceTree = "<group>"; };
		88DB89D61A86D1A900DED153 /* ExampleTests.xctest */ = {isa = PBXFileReference; explicitFileType = wrapper.cfbundle; includeInIndex = 0; path = ExampleTests.xctest; sourceTree = BUILT_PRODUCTS_DIR; };
		88DB89DB1A86D1A900DED153 /* Info.plist */ = {isa = PBXFileReference; lastKnownFileType = text.plist.xml; path = Info.plist; sourceTree = "<group>"; };
		88DB89DC1A86D1A900DED153 /* ExampleTests.swift */ = {isa = PBXFileReference; lastKnownFileType = sourcecode.swift; path = ExampleTests.swift; sourceTree = "<group>"; };
		88DB89E61A86D1BC00DED153 /* JSQDataSourcesKit.xcodeproj */ = {isa = PBXFileReference; lastKnownFileType = "wrapper.pb-project"; name = JSQDataSourcesKit.xcodeproj; path = ../JSQDataSourcesKit/JSQDataSourcesKit.xcodeproj; sourceTree = "<group>"; };
/* End PBXFileReference section */

/* Begin PBXFrameworksBuildPhase section */
		88DB89BE1A86D1A900DED153 /* Frameworks */ = {
			isa = PBXFrameworksBuildPhase;
			buildActionMask = 2147483647;
			files = (
				88DB89F61A86D21B00DED153 /* JSQDataSourcesKit.framework in Frameworks */,
			);
			runOnlyForDeploymentPostprocessing = 0;
		};
		88DB89D31A86D1A900DED153 /* Frameworks */ = {
			isa = PBXFrameworksBuildPhase;
			buildActionMask = 2147483647;
			files = (
			);
			runOnlyForDeploymentPostprocessing = 0;
		};
/* End PBXFrameworksBuildPhase section */

/* Begin PBXGroup section */
		88BD67421A99579400F93FA6 /* CollectionView */ = {
			isa = PBXGroup;
			children = (
				88D21DA21A9932BD00E736DC /* CollectionViewCell.swift */,
				88D21DA51A9932CD00E736DC /* CollectionViewCell.xib */,
				88B3233E1A86D5ED007FB904 /* CollectionViewController.swift */,
				88BD67481A9959F500F93FA6 /* FetchedCollectionViewController.swift */,
			);
			name = CollectionView;
			sourceTree = "<group>";
		};
		88BD67431A99579700F93FA6 /* TableView */ = {
			isa = PBXGroup;
			children = (
				88BD67461A99597600F93FA6 /* FetchedTableViewController.swift */,
				88C977781A87115D0085C350 /* TableViewCell.swift */,
				88C977791A87115D0085C350 /* TableViewCell.xib */,
				88B3233C1A86D5E3007FB904 /* TableViewController.swift */,
			);
			name = TableView;
			sourceTree = "<group>";
		};
		88BD67441A99579A00F93FA6 /* Model */ = {
			isa = PBXGroup;
			children = (
				88BD673D1A99572F00F93FA6 /* Model.xcdatamodeld */,
				88BD67401A99577000F93FA6 /* Thing.swift */,
			);
			name = Model;
			sourceTree = "<group>";
		};
		88BD67451A9957CC00F93FA6 /* Application */ = {
			isa = PBXGroup;
			children = (
				88DB89C61A86D1A900DED153 /* AppDelegate.swift */,
				88DB89CD1A86D1A900DED153 /* Images.xcassets */,
				88DB89CF1A86D1A900DED153 /* LaunchScreen.xib */,
				88DB89CA1A86D1A900DED153 /* Main.storyboard */,
				88DB89C81A86D1A900DED153 /* ViewController.swift */,
			);
			name = Application;
			sourceTree = "<group>";
		};
		88DB89B81A86D1A900DED153 = {
			isa = PBXGroup;
			children = (
				88DB89C31A86D1A900DED153 /* Example */,
				88DB89D91A86D1A900DED153 /* ExampleTests */,
				88DB89C21A86D1A900DED153 /* Products */,
				88DB89E61A86D1BC00DED153 /* JSQDataSourcesKit.xcodeproj */,
			);
			sourceTree = "<group>";
		};
		88DB89C21A86D1A900DED153 /* Products */ = {
			isa = PBXGroup;
			children = (
				88DB89C11A86D1A900DED153 /* Example.app */,
				88DB89D61A86D1A900DED153 /* ExampleTests.xctest */,
			);
			name = Products;
			sourceTree = "<group>";
		};
		88DB89C31A86D1A900DED153 /* Example */ = {
			isa = PBXGroup;
			children = (
				88BD67451A9957CC00F93FA6 /* Application */,
				88BD67421A99579400F93FA6 /* CollectionView */,
				88BD67441A99579A00F93FA6 /* Model */,
				88DB89C41A86D1A900DED153 /* Supporting Files */,
				88BD67431A99579700F93FA6 /* TableView */,
			);
			path = Example;
			sourceTree = "<group>";
		};
		88DB89C41A86D1A900DED153 /* Supporting Files */ = {
			isa = PBXGroup;
			children = (
				88DB89C51A86D1A900DED153 /* Info.plist */,
			);
			name = "Supporting Files";
			sourceTree = "<group>";
		};
		88DB89D91A86D1A900DED153 /* ExampleTests */ = {
			isa = PBXGroup;
			children = (
				88DB89DC1A86D1A900DED153 /* ExampleTests.swift */,
				88DB89DA1A86D1A900DED153 /* Supporting Files */,
			);
			path = ExampleTests;
			sourceTree = "<group>";
		};
		88DB89DA1A86D1A900DED153 /* Supporting Files */ = {
			isa = PBXGroup;
			children = (
				88DB89DB1A86D1A900DED153 /* Info.plist */,
			);
			name = "Supporting Files";
			sourceTree = "<group>";
		};
		88DB89E71A86D1BC00DED153 /* Products */ = {
			isa = PBXGroup;
			children = (
				88DB89EC1A86D1BC00DED153 /* JSQDataSourcesKit.framework */,
				88DB89EE1A86D1BC00DED153 /* JSQDataSourcesKitTests.xctest */,
			);
			name = Products;
			sourceTree = "<group>";
		};
/* End PBXGroup section */

/* Begin PBXNativeTarget section */
		88DB89C01A86D1A900DED153 /* Example */ = {
			isa = PBXNativeTarget;
			buildConfigurationList = 88DB89E01A86D1A900DED153 /* Build configuration list for PBXNativeTarget "Example" */;
			buildPhases = (
				88DB89BD1A86D1A900DED153 /* Sources */,
				88DB89BE1A86D1A900DED153 /* Frameworks */,
				88DB89BF1A86D1A900DED153 /* Resources */,
				88DB89FA1A86D21C00DED153 /* Embed Frameworks */,
			);
			buildRules = (
			);
			dependencies = (
				88DB89F91A86D21B00DED153 /* PBXTargetDependency */,
			);
			name = Example;
			productName = Example;
			productReference = 88DB89C11A86D1A900DED153 /* Example.app */;
			productType = "com.apple.product-type.application";
		};
		88DB89D51A86D1A900DED153 /* ExampleTests */ = {
			isa = PBXNativeTarget;
			buildConfigurationList = 88DB89E31A86D1A900DED153 /* Build configuration list for PBXNativeTarget "ExampleTests" */;
			buildPhases = (
				88DB89D21A86D1A900DED153 /* Sources */,
				88DB89D31A86D1A900DED153 /* Frameworks */,
				88DB89D41A86D1A900DED153 /* Resources */,
			);
			buildRules = (
			);
			dependencies = (
				88DB89D81A86D1A900DED153 /* PBXTargetDependency */,
			);
			name = ExampleTests;
			productName = ExampleTests;
			productReference = 88DB89D61A86D1A900DED153 /* ExampleTests.xctest */;
			productType = "com.apple.product-type.bundle.unit-test";
		};
/* End PBXNativeTarget section */

/* Begin PBXProject section */
		88DB89B91A86D1A900DED153 /* Project object */ = {
			isa = PBXProject;
			attributes = {
				LastUpgradeCheck = 0610;
				ORGANIZATIONNAME = "Hexed Bits";
				TargetAttributes = {
					88DB89C01A86D1A900DED153 = {
						CreatedOnToolsVersion = 6.1.1;
					};
					88DB89D51A86D1A900DED153 = {
						CreatedOnToolsVersion = 6.1.1;
						TestTargetID = 88DB89C01A86D1A900DED153;
					};
				};
			};
			buildConfigurationList = 88DB89BC1A86D1A900DED153 /* Build configuration list for PBXProject "Example" */;
			compatibilityVersion = "Xcode 3.2";
			developmentRegion = English;
			hasScannedForEncodings = 0;
			knownRegions = (
				en,
				Base,
			);
			mainGroup = 88DB89B81A86D1A900DED153;
			productRefGroup = 88DB89C21A86D1A900DED153 /* Products */;
			projectDirPath = "";
			projectReferences = (
				{
					ProductGroup = 88DB89E71A86D1BC00DED153 /* Products */;
					ProjectRef = 88DB89E61A86D1BC00DED153 /* JSQDataSourcesKit.xcodeproj */;
				},
			);
			projectRoot = "";
			targets = (
				88DB89C01A86D1A900DED153 /* Example */,
				88DB89D51A86D1A900DED153 /* ExampleTests */,
			);
		};
/* End PBXProject section */

/* Begin PBXReferenceProxy section */
		88DB89EC1A86D1BC00DED153 /* JSQDataSourcesKit.framework */ = {
			isa = PBXReferenceProxy;
			fileType = wrapper.framework;
			path = JSQDataSourcesKit.framework;
			remoteRef = 88DB89EB1A86D1BC00DED153 /* PBXContainerItemProxy */;
			sourceTree = BUILT_PRODUCTS_DIR;
		};
		88DB89EE1A86D1BC00DED153 /* JSQDataSourcesKitTests.xctest */ = {
			isa = PBXReferenceProxy;
			fileType = wrapper.cfbundle;
			path = JSQDataSourcesKitTests.xctest;
			remoteRef = 88DB89ED1A86D1BC00DED153 /* PBXContainerItemProxy */;
			sourceTree = BUILT_PRODUCTS_DIR;
		};
/* End PBXReferenceProxy section */

/* Begin PBXResourcesBuildPhase section */
		88DB89BF1A86D1A900DED153 /* Resources */ = {
			isa = PBXResourcesBuildPhase;
			buildActionMask = 2147483647;
			files = (
				88DB89CC1A86D1A900DED153 /* Main.storyboard in Resources */,
				88C9777B1A87115D0085C350 /* TableViewCell.xib in Resources */,
				88DB89D11A86D1A900DED153 /* LaunchScreen.xib in Resources */,
				88DB89CE1A86D1A900DED153 /* Images.xcassets in Resources */,
				88D21DA61A9932CD00E736DC /* CollectionViewCell.xib in Resources */,
			);
			runOnlyForDeploymentPostprocessing = 0;
		};
		88DB89D41A86D1A900DED153 /* Resources */ = {
			isa = PBXResourcesBuildPhase;
			buildActionMask = 2147483647;
			files = (
			);
			runOnlyForDeploymentPostprocessing = 0;
		};
/* End PBXResourcesBuildPhase section */

/* Begin PBXSourcesBuildPhase section */
		88DB89BD1A86D1A900DED153 /* Sources */ = {
			isa = PBXSourcesBuildPhase;
			buildActionMask = 2147483647;
			files = (
				88BD67411A99577000F93FA6 /* Thing.swift in Sources */,
				88C9777A1A87115D0085C350 /* TableViewCell.swift in Sources */,
				88BD67491A9959F500F93FA6 /* FetchedCollectionViewController.swift in Sources */,
				88B3233F1A86D5ED007FB904 /* CollectionViewController.swift in Sources */,
				88BD67471A99597600F93FA6 /* FetchedTableViewController.swift in Sources */,
				88D21DA31A9932BD00E736DC /* CollectionViewCell.swift in Sources */,
				88BD673F1A99572F00F93FA6 /* Model.xcdatamodeld in Sources */,
				88DB89C91A86D1A900DED153 /* ViewController.swift in Sources */,
				88B3233D1A86D5E3007FB904 /* TableViewController.swift in Sources */,
				88DB89C71A86D1A900DED153 /* AppDelegate.swift in Sources */,
			);
			runOnlyForDeploymentPostprocessing = 0;
		};
		88DB89D21A86D1A900DED153 /* Sources */ = {
			isa = PBXSourcesBuildPhase;
			buildActionMask = 2147483647;
			files = (
				88DB89DD1A86D1A900DED153 /* ExampleTests.swift in Sources */,
			);
			runOnlyForDeploymentPostprocessing = 0;
		};
/* End PBXSourcesBuildPhase section */

/* Begin PBXTargetDependency section */
		88DB89D81A86D1A900DED153 /* PBXTargetDependency */ = {
			isa = PBXTargetDependency;
			target = 88DB89C01A86D1A900DED153 /* Example */;
			targetProxy = 88DB89D71A86D1A900DED153 /* PBXContainerItemProxy */;
		};
		88DB89F91A86D21B00DED153 /* PBXTargetDependency */ = {
			isa = PBXTargetDependency;
			name = JSQDataSourcesKit;
			targetProxy = 88DB89F81A86D21B00DED153 /* PBXContainerItemProxy */;
		};
/* End PBXTargetDependency section */

/* Begin PBXVariantGroup section */
		88DB89CA1A86D1A900DED153 /* Main.storyboard */ = {
			isa = PBXVariantGroup;
			children = (
				88DB89CB1A86D1A900DED153 /* Base */,
			);
			name = Main.storyboard;
			sourceTree = "<group>";
		};
		88DB89CF1A86D1A900DED153 /* LaunchScreen.xib */ = {
			isa = PBXVariantGroup;
			children = (
				88DB89D01A86D1A900DED153 /* Base */,
			);
			name = LaunchScreen.xib;
			sourceTree = "<group>";
		};
/* End PBXVariantGroup section */

/* Begin XCBuildConfiguration section */
		88DB89DE1A86D1A900DED153 /* Debug */ = {
			isa = XCBuildConfiguration;
			buildSettings = {
				ALWAYS_SEARCH_USER_PATHS = NO;
				CLANG_CXX_LANGUAGE_STANDARD = "gnu++0x";
				CLANG_CXX_LIBRARY = "libc++";
				CLANG_ENABLE_MODULES = YES;
				CLANG_ENABLE_OBJC_ARC = YES;
				CLANG_WARN_BOOL_CONVERSION = YES;
				CLANG_WARN_CONSTANT_CONVERSION = YES;
				CLANG_WARN_DIRECT_OBJC_ISA_USAGE = YES_ERROR;
				CLANG_WARN_EMPTY_BODY = YES;
				CLANG_WARN_ENUM_CONVERSION = YES;
				CLANG_WARN_INT_CONVERSION = YES;
				CLANG_WARN_OBJC_ROOT_CLASS = YES_ERROR;
				CLANG_WARN_UNREACHABLE_CODE = YES;
				CLANG_WARN__DUPLICATE_METHOD_MATCH = YES;
				"CODE_SIGN_IDENTITY[sdk=iphoneos*]" = "iPhone Developer";
				COPY_PHASE_STRIP = NO;
				ENABLE_STRICT_OBJC_MSGSEND = YES;
				GCC_C_LANGUAGE_STANDARD = gnu99;
				GCC_DYNAMIC_NO_PIC = NO;
				GCC_OPTIMIZATION_LEVEL = 0;
				GCC_PREPROCESSOR_DEFINITIONS = (
					"DEBUG=1",
					"$(inherited)",
				);
				GCC_SYMBOLS_PRIVATE_EXTERN = NO;
				GCC_WARN_64_TO_32_BIT_CONVERSION = YES;
				GCC_WARN_ABOUT_RETURN_TYPE = YES_ERROR;
				GCC_WARN_UNDECLARED_SELECTOR = YES;
				GCC_WARN_UNINITIALIZED_AUTOS = YES_AGGRESSIVE;
				GCC_WARN_UNUSED_FUNCTION = YES;
				GCC_WARN_UNUSED_VARIABLE = YES;
				IPHONEOS_DEPLOYMENT_TARGET = 8.1;
				MTL_ENABLE_DEBUG_INFO = YES;
				ONLY_ACTIVE_ARCH = YES;
				SDKROOT = iphoneos;
				SWIFT_OPTIMIZATION_LEVEL = "-Onone";
				TARGETED_DEVICE_FAMILY = "1,2";
			};
			name = Debug;
		};
		88DB89DF1A86D1A900DED153 /* Release */ = {
			isa = XCBuildConfiguration;
			buildSettings = {
				ALWAYS_SEARCH_USER_PATHS = NO;
				CLANG_CXX_LANGUAGE_STANDARD = "gnu++0x";
				CLANG_CXX_LIBRARY = "libc++";
				CLANG_ENABLE_MODULES = YES;
				CLANG_ENABLE_OBJC_ARC = YES;
				CLANG_WARN_BOOL_CONVERSION = YES;
				CLANG_WARN_CONSTANT_CONVERSION = YES;
				CLANG_WARN_DIRECT_OBJC_ISA_USAGE = YES_ERROR;
				CLANG_WARN_EMPTY_BODY = YES;
				CLANG_WARN_ENUM_CONVERSION = YES;
				CLANG_WARN_INT_CONVERSION = YES;
				CLANG_WARN_OBJC_ROOT_CLASS = YES_ERROR;
				CLANG_WARN_UNREACHABLE_CODE = YES;
				CLANG_WARN__DUPLICATE_METHOD_MATCH = YES;
				"CODE_SIGN_IDENTITY[sdk=iphoneos*]" = "iPhone Developer";
				COPY_PHASE_STRIP = YES;
				ENABLE_NS_ASSERTIONS = NO;
				ENABLE_STRICT_OBJC_MSGSEND = YES;
				GCC_C_LANGUAGE_STANDARD = gnu99;
				GCC_WARN_64_TO_32_BIT_CONVERSION = YES;
				GCC_WARN_ABOUT_RETURN_TYPE = YES_ERROR;
				GCC_WARN_UNDECLARED_SELECTOR = YES;
				GCC_WARN_UNINITIALIZED_AUTOS = YES_AGGRESSIVE;
				GCC_WARN_UNUSED_FUNCTION = YES;
				GCC_WARN_UNUSED_VARIABLE = YES;
				IPHONEOS_DEPLOYMENT_TARGET = 8.1;
				MTL_ENABLE_DEBUG_INFO = NO;
				SDKROOT = iphoneos;
				TARGETED_DEVICE_FAMILY = "1,2";
				VALIDATE_PRODUCT = YES;
			};
			name = Release;
		};
		88DB89E11A86D1A900DED153 /* Debug */ = {
			isa = XCBuildConfiguration;
			buildSettings = {
				ASSETCATALOG_COMPILER_APPICON_NAME = AppIcon;
				INFOPLIST_FILE = Example/Info.plist;
				LD_RUNPATH_SEARCH_PATHS = "$(inherited) @executable_path/Frameworks";
				PRODUCT_NAME = "$(TARGET_NAME)";
			};
			name = Debug;
		};
		88DB89E21A86D1A900DED153 /* Release */ = {
			isa = XCBuildConfiguration;
			buildSettings = {
				ASSETCATALOG_COMPILER_APPICON_NAME = AppIcon;
				INFOPLIST_FILE = Example/Info.plist;
				LD_RUNPATH_SEARCH_PATHS = "$(inherited) @executable_path/Frameworks";
				PRODUCT_NAME = "$(TARGET_NAME)";
			};
			name = Release;
		};
		88DB89E41A86D1A900DED153 /* Debug */ = {
			isa = XCBuildConfiguration;
			buildSettings = {
				BUNDLE_LOADER = "$(TEST_HOST)";
				FRAMEWORK_SEARCH_PATHS = (
					"$(SDKROOT)/Developer/Library/Frameworks",
					"$(inherited)",
				);
				GCC_PREPROCESSOR_DEFINITIONS = (
					"DEBUG=1",
					"$(inherited)",
				);
				INFOPLIST_FILE = ExampleTests/Info.plist;
				LD_RUNPATH_SEARCH_PATHS = "$(inherited) @executable_path/Frameworks @loader_path/Frameworks";
				PRODUCT_NAME = "$(TARGET_NAME)";
				TEST_HOST = "$(BUILT_PRODUCTS_DIR)/Example.app/Example";
			};
			name = Debug;
		};
		88DB89E51A86D1A900DED153 /* Release */ = {
			isa = XCBuildConfiguration;
			buildSettings = {
				BUNDLE_LOADER = "$(TEST_HOST)";
				FRAMEWORK_SEARCH_PATHS = (
					"$(SDKROOT)/Developer/Library/Frameworks",
					"$(inherited)",
				);
				INFOPLIST_FILE = ExampleTests/Info.plist;
				LD_RUNPATH_SEARCH_PATHS = "$(inherited) @executable_path/Frameworks @loader_path/Frameworks";
				PRODUCT_NAME = "$(TARGET_NAME)";
				TEST_HOST = "$(BUILT_PRODUCTS_DIR)/Example.app/Example";
			};
			name = Release;
		};
/* End XCBuildConfiguration section */

/* Begin XCConfigurationList section */
		88DB89BC1A86D1A900DED153 /* Build configuration list for PBXProject "Example" */ = {
			isa = XCConfigurationList;
			buildConfigurations = (
				88DB89DE1A86D1A900DED153 /* Debug */,
				88DB89DF1A86D1A900DED153 /* Release */,
			);
			defaultConfigurationIsVisible = 0;
			defaultConfigurationName = Release;
		};
		88DB89E01A86D1A900DED153 /* Build configuration list for PBXNativeTarget "Example" */ = {
			isa = XCConfigurationList;
			buildConfigurations = (
				88DB89E11A86D1A900DED153 /* Debug */,
				88DB89E21A86D1A900DED153 /* Release */,
			);
			defaultConfigurationIsVisible = 0;
			defaultConfigurationName = Release;
		};
		88DB89E31A86D1A900DED153 /* Build configuration list for PBXNativeTarget "ExampleTests" */ = {
			isa = XCConfigurationList;
			buildConfigurations = (
				88DB89E41A86D1A900DED153 /* Debug */,
				88DB89E51A86D1A900DED153 /* Release */,
			);
			defaultConfigurationIsVisible = 0;
			defaultConfigurationName = Release;
		};
/* End XCConfigurationList section */

/* Begin XCVersionGroup section */
		88BD673D1A99572F00F93FA6 /* Model.xcdatamodeld */ = {
			isa = XCVersionGroup;
			children = (
				88BD673E1A99572F00F93FA6 /* Model.xcdatamodel */,
			);
			currentVersion = 88BD673E1A99572F00F93FA6 /* Model.xcdatamodel */;
			path = Model.xcdatamodeld;
			sourceTree = "<group>";
			versionGroupType = wrapper.xcdatamodel;
		};
/* End XCVersionGroup section */
	};
	rootObject = 88DB89B91A86D1A900DED153 /* Project object */;
}
