// !$*UTF8*$!
{
	archiveVersion = 1;
	classes = {
	};
	objectVersion = 46;
	objects = {

/* Begin PBXBuildFile section */
		876B25551D02662B00E8B477 /* XCTestCase+Extensions.swift in Sources */ = {isa = PBXBuildFile; fileRef = 876B25511D02661100E8B477 /* XCTestCase+Extensions.swift */; };
		876B25571D03770600E8B477 /* FetchedResultsViewsUITests.swift in Sources */ = {isa = PBXBuildFile; fileRef = 876B25561D03770600E8B477 /* FetchedResultsViewsUITests.swift */; };
		886EC7921CFF2D4900BDE6FA /* ExampleTests.swift in Sources */ = {isa = PBXBuildFile; fileRef = 886EC7901CFF2D4900BDE6FA /* ExampleTests.swift */; };
		886EC7971CFF2DD200BDE6FA /* StaticViewsUITests.swift in Sources */ = {isa = PBXBuildFile; fileRef = 886EC7951CFF2DD200BDE6FA /* StaticViewsUITests.swift */; };
		886EC7AF1CFF2E5F00BDE6FA /* AppDelegate.swift in Sources */ = {isa = PBXBuildFile; fileRef = 886EC79A1CFF2E5E00BDE6FA /* AppDelegate.swift */; };
		886EC7B01CFF2E5F00BDE6FA /* LaunchScreen.xib in Resources */ = {isa = PBXBuildFile; fileRef = 886EC79B1CFF2E5E00BDE6FA /* LaunchScreen.xib */; };
		886EC7B11CFF2E5F00BDE6FA /* Main.storyboard in Resources */ = {isa = PBXBuildFile; fileRef = 886EC79D1CFF2E5E00BDE6FA /* Main.storyboard */; };
		886EC7B21CFF2E5F00BDE6FA /* CollectionViewCell.swift in Sources */ = {isa = PBXBuildFile; fileRef = 886EC79F1CFF2E5E00BDE6FA /* CollectionViewCell.swift */; };
		886EC7B31CFF2E5F00BDE6FA /* CollectionViewCell.xib in Resources */ = {isa = PBXBuildFile; fileRef = 886EC7A01CFF2E5E00BDE6FA /* CollectionViewCell.xib */; };
		886EC7B41CFF2E5F00BDE6FA /* CollectionViewController.swift in Sources */ = {isa = PBXBuildFile; fileRef = 886EC7A11CFF2E5E00BDE6FA /* CollectionViewController.swift */; };
		886EC7B51CFF2E5F00BDE6FA /* ComposedCollectionSupplementaryViewConfig.swift in Sources */ = {isa = PBXBuildFile; fileRef = 886EC7A21CFF2E5E00BDE6FA /* ComposedCollectionSupplementaryViewConfig.swift */; };
		886EC7B71CFF2E5F00BDE6FA /* Extensions.swift in Sources */ = {isa = PBXBuildFile; fileRef = 886EC7A41CFF2E5E00BDE6FA /* Extensions.swift */; };
		886EC7B81CFF2E5F00BDE6FA /* FetchedCollectionViewController.swift in Sources */ = {isa = PBXBuildFile; fileRef = 886EC7A51CFF2E5E00BDE6FA /* FetchedCollectionViewController.swift */; };
		886EC7B91CFF2E5F00BDE6FA /* FetchedTableViewController.swift in Sources */ = {isa = PBXBuildFile; fileRef = 886EC7A61CFF2E5E00BDE6FA /* FetchedTableViewController.swift */; };
		886EC7BA1CFF2E5F00BDE6FA /* Helpers.swift in Sources */ = {isa = PBXBuildFile; fileRef = 886EC7A71CFF2E5E00BDE6FA /* Helpers.swift */; };
		886EC7BB1CFF2E5F00BDE6FA /* Images.xcassets in Resources */ = {isa = PBXBuildFile; fileRef = 886EC7A81CFF2E5E00BDE6FA /* Images.xcassets */; };
		886EC7BE1CFF2E5F00BDE6FA /* TableViewController.swift in Sources */ = {isa = PBXBuildFile; fileRef = 886EC7AC1CFF2E5F00BDE6FA /* TableViewController.swift */; };
		886EC7C01CFF2E5F00BDE6FA /* ViewController.swift in Sources */ = {isa = PBXBuildFile; fileRef = 886EC7AE1CFF2E5F00BDE6FA /* ViewController.swift */; };
		88AD28A61D1F97BC000492FC /* ExampleModel.framework in Frameworks */ = {isa = PBXBuildFile; fileRef = 88AD28A31D1F97A3000492FC /* ExampleModel.framework */; };
		88AD28A71D1F97BC000492FC /* ExampleModel.framework in Embed Frameworks */ = {isa = PBXBuildFile; fileRef = 88AD28A31D1F97A3000492FC /* ExampleModel.framework */; settings = {ATTRIBUTES = (CodeSignOnCopy, RemoveHeadersOnCopy, ); }; };
		88DCAD911CB87E6700C018AF /* JSQDataSourcesKit.framework in Frameworks */ = {isa = PBXBuildFile; fileRef = 88DCAD8E1CB87DD900C018AF /* JSQDataSourcesKit.framework */; };
		88DCAD921CB87E6700C018AF /* JSQDataSourcesKit.framework in Embed Frameworks */ = {isa = PBXBuildFile; fileRef = 88DCAD8E1CB87DD900C018AF /* JSQDataSourcesKit.framework */; settings = {ATTRIBUTES = (CodeSignOnCopy, RemoveHeadersOnCopy, ); }; };
		BF21124D1D46663600F1840A /* ComposedCellViewConfig.swift in Sources */ = {isa = PBXBuildFile; fileRef = BF21124C1D46663600F1840A /* ComposedCellViewConfig.swift */; };
		BF5C03641D3FED6700CA3EA3 /* FancyCollectionViewCell.xib in Resources */ = {isa = PBXBuildFile; fileRef = BF5C03631D3FED6700CA3EA3 /* FancyCollectionViewCell.xib */; };
		BF5C03691D3FED7F00CA3EA3 /* FancyCollectionViewCell.swift in Sources */ = {isa = PBXBuildFile; fileRef = BF5C03681D3FED7F00CA3EA3 /* FancyCollectionViewCell.swift */; };
		BF6AEBD11D3E91A40048AE97 /* MixedCollectionViewController.swift in Sources */ = {isa = PBXBuildFile; fileRef = BF6AEBD01D3E91A40048AE97 /* MixedCollectionViewController.swift */; };
/* End PBXBuildFile section */

/* Begin PBXContainerItemProxy section */
		886EC7861CFF2C8400BDE6FA /* PBXContainerItemProxy */ = {
			isa = PBXContainerItemProxy;
			containerPortal = 88DB89B91A86D1A900DED153 /* Project object */;
			proxyType = 1;
			remoteGlobalIDString = 88DB89C01A86D1A900DED153;
			remoteInfo = Example;
		};
		886EC78C1CFF2C8400BDE6FA /* PBXContainerItemProxy */ = {
			isa = PBXContainerItemProxy;
			containerPortal = 88DCAD881CB87DD900C018AF /* JSQDataSourcesKit.xcodeproj */;
			proxyType = 2;
			remoteGlobalIDString = 881A92CC1CB881270080BC5C;
			remoteInfo = "JSQDataSourcesKit-tvOS";
		};
		887863391B3699C800E2F51C /* PBXContainerItemProxy */ = {
			isa = PBXContainerItemProxy;
			containerPortal = 88DB89B91A86D1A900DED153 /* Project object */;
			proxyType = 1;
			remoteGlobalIDString = 88DB89C01A86D1A900DED153;
			remoteInfo = Example;
		};
		88AD28A21D1F97A3000492FC /* PBXContainerItemProxy */ = {
			isa = PBXContainerItemProxy;
			containerPortal = 88AD289D1D1F97A3000492FC /* ExampleModel.xcodeproj */;
			proxyType = 2;
			remoteGlobalIDString = 88AD28701D1F9621000492FC;
			remoteInfo = ExampleModel;
		};
		88AD28A41D1F97A3000492FC /* PBXContainerItemProxy */ = {
			isa = PBXContainerItemProxy;
			containerPortal = 88AD289D1D1F97A3000492FC /* ExampleModel.xcodeproj */;
			proxyType = 2;
			remoteGlobalIDString = 88AD287A1D1F9621000492FC;
			remoteInfo = ExampleModelTests;
		};
		88AD28A81D1F97BC000492FC /* PBXContainerItemProxy */ = {
			isa = PBXContainerItemProxy;
			containerPortal = 88AD289D1D1F97A3000492FC /* ExampleModel.xcodeproj */;
			proxyType = 1;
			remoteGlobalIDString = 88AD286F1D1F9621000492FC;
			remoteInfo = ExampleModel;
		};
		88DCAD8D1CB87DD900C018AF /* PBXContainerItemProxy */ = {
			isa = PBXContainerItemProxy;
			containerPortal = 88DCAD881CB87DD900C018AF /* JSQDataSourcesKit.xcodeproj */;
			proxyType = 2;
			remoteGlobalIDString = 887DD0841B3BAC6C00FC4BF1;
			remoteInfo = JSQDataSourcesKit;
		};
		88DCAD8F1CB87DD900C018AF /* PBXContainerItemProxy */ = {
			isa = PBXContainerItemProxy;
			containerPortal = 88DCAD881CB87DD900C018AF /* JSQDataSourcesKit.xcodeproj */;
			proxyType = 2;
			remoteGlobalIDString = 887DD08E1B3BAC6C00FC4BF1;
			remoteInfo = JSQDataSourcesKitTests;
		};
		88DCAD931CB87E6700C018AF /* PBXContainerItemProxy */ = {
			isa = PBXContainerItemProxy;
			containerPortal = 88DCAD881CB87DD900C018AF /* JSQDataSourcesKit.xcodeproj */;
			proxyType = 1;
			remoteGlobalIDString = 887DD0831B3BAC6C00FC4BF1;
			remoteInfo = JSQDataSourcesKit;
		};
/* End PBXContainerItemProxy section */

/* Begin PBXCopyFilesBuildPhase section */
		88DB89FA1A86D21C00DED153 /* Embed Frameworks */ = {
			isa = PBXCopyFilesBuildPhase;
			buildActionMask = 2147483647;
			dstPath = "";
			dstSubfolderSpec = 10;
			files = (
				88DCAD921CB87E6700C018AF /* JSQDataSourcesKit.framework in Embed Frameworks */,
				88AD28A71D1F97BC000492FC /* ExampleModel.framework in Embed Frameworks */,
			);
			name = "Embed Frameworks";
			runOnlyForDeploymentPostprocessing = 0;
		};
/* End PBXCopyFilesBuildPhase section */

/* Begin PBXFileReference section */
		876B25511D02661100E8B477 /* XCTestCase+Extensions.swift */ = {isa = PBXFileReference; fileEncoding = 4; lastKnownFileType = sourcecode.swift; path = "XCTestCase+Extensions.swift"; sourceTree = "<group>"; };
		876B25561D03770600E8B477 /* FetchedResultsViewsUITests.swift */ = {isa = PBXFileReference; fileEncoding = 4; lastKnownFileType = sourcecode.swift; path = FetchedResultsViewsUITests.swift; sourceTree = "<group>"; };
		886EC7811CFF2C8400BDE6FA /* ExampleUITests.xctest */ = {isa = PBXFileReference; explicitFileType = wrapper.cfbundle; includeInIndex = 0; path = ExampleUITests.xctest; sourceTree = BUILT_PRODUCTS_DIR; };
		886EC7901CFF2D4900BDE6FA /* ExampleTests.swift */ = {isa = PBXFileReference; fileEncoding = 4; lastKnownFileType = sourcecode.swift; path = ExampleTests.swift; sourceTree = "<group>"; };
		886EC7911CFF2D4900BDE6FA /* Info.plist */ = {isa = PBXFileReference; fileEncoding = 4; lastKnownFileType = text.plist.xml; path = Info.plist; sourceTree = "<group>"; };
		886EC7951CFF2DD200BDE6FA /* StaticViewsUITests.swift */ = {isa = PBXFileReference; fileEncoding = 4; lastKnownFileType = sourcecode.swift; path = StaticViewsUITests.swift; sourceTree = "<group>"; };
		886EC7961CFF2DD200BDE6FA /* Info.plist */ = {isa = PBXFileReference; fileEncoding = 4; lastKnownFileType = text.plist.xml; path = Info.plist; sourceTree = "<group>"; };
		886EC79A1CFF2E5E00BDE6FA /* AppDelegate.swift */ = {isa = PBXFileReference; fileEncoding = 4; lastKnownFileType = sourcecode.swift; path = AppDelegate.swift; sourceTree = "<group>"; };
		886EC79C1CFF2E5E00BDE6FA /* Base */ = {isa = PBXFileReference; lastKnownFileType = file.xib; name = Base; path = Base.lproj/LaunchScreen.xib; sourceTree = "<group>"; };
		886EC79E1CFF2E5E00BDE6FA /* Base */ = {isa = PBXFileReference; lastKnownFileType = file.storyboard; name = Base; path = Base.lproj/Main.storyboard; sourceTree = "<group>"; };
		886EC79F1CFF2E5E00BDE6FA /* CollectionViewCell.swift */ = {isa = PBXFileReference; fileEncoding = 4; lastKnownFileType = sourcecode.swift; path = CollectionViewCell.swift; sourceTree = "<group>"; };
		886EC7A01CFF2E5E00BDE6FA /* CollectionViewCell.xib */ = {isa = PBXFileReference; fileEncoding = 4; lastKnownFileType = file.xib; path = CollectionViewCell.xib; sourceTree = "<group>"; };
		886EC7A11CFF2E5E00BDE6FA /* CollectionViewController.swift */ = {isa = PBXFileReference; fileEncoding = 4; lastKnownFileType = sourcecode.swift; path = CollectionViewController.swift; sourceTree = "<group>"; };
		886EC7A21CFF2E5E00BDE6FA /* ComposedCollectionSupplementaryViewConfig.swift */ = {isa = PBXFileReference; fileEncoding = 4; lastKnownFileType = sourcecode.swift; path = ComposedCollectionSupplementaryViewConfig.swift; sourceTree = "<group>"; };
		886EC7A41CFF2E5E00BDE6FA /* Extensions.swift */ = {isa = PBXFileReference; fileEncoding = 4; lastKnownFileType = sourcecode.swift; path = Extensions.swift; sourceTree = "<group>"; };
		886EC7A51CFF2E5E00BDE6FA /* FetchedCollectionViewController.swift */ = {isa = PBXFileReference; fileEncoding = 4; lastKnownFileType = sourcecode.swift; path = FetchedCollectionViewController.swift; sourceTree = "<group>"; };
		886EC7A61CFF2E5E00BDE6FA /* FetchedTableViewController.swift */ = {isa = PBXFileReference; fileEncoding = 4; lastKnownFileType = sourcecode.swift; path = FetchedTableViewController.swift; sourceTree = "<group>"; };
		886EC7A71CFF2E5E00BDE6FA /* Helpers.swift */ = {isa = PBXFileReference; fileEncoding = 4; lastKnownFileType = sourcecode.swift; path = Helpers.swift; sourceTree = "<group>"; };
		886EC7A81CFF2E5E00BDE6FA /* Images.xcassets */ = {isa = PBXFileReference; lastKnownFileType = folder.assetcatalog; path = Images.xcassets; sourceTree = "<group>"; };
		886EC7A91CFF2E5F00BDE6FA /* Info.plist */ = {isa = PBXFileReference; fileEncoding = 4; lastKnownFileType = text.plist.xml; path = Info.plist; sourceTree = "<group>"; };
		886EC7AC1CFF2E5F00BDE6FA /* TableViewController.swift */ = {isa = PBXFileReference; fileEncoding = 4; lastKnownFileType = sourcecode.swift; path = TableViewController.swift; sourceTree = "<group>"; };
		886EC7AE1CFF2E5F00BDE6FA /* ViewController.swift */ = {isa = PBXFileReference; fileEncoding = 4; lastKnownFileType = sourcecode.swift; path = ViewController.swift; sourceTree = "<group>"; };
		887863341B3699C800E2F51C /* ExampleTests.xctest */ = {isa = PBXFileReference; explicitFileType = wrapper.cfbundle; includeInIndex = 0; path = ExampleTests.xctest; sourceTree = BUILT_PRODUCTS_DIR; };
		88AD289D1D1F97A3000492FC /* ExampleModel.xcodeproj */ = {isa = PBXFileReference; lastKnownFileType = "wrapper.pb-project"; name = ExampleModel.xcodeproj; path = ExampleModel/ExampleModel.xcodeproj; sourceTree = "<group>"; };
		88DB89C11A86D1A900DED153 /* DataSources.app */ = {isa = PBXFileReference; explicitFileType = wrapper.application; includeInIndex = 0; path = DataSources.app; sourceTree = BUILT_PRODUCTS_DIR; };
		88DCAD881CB87DD900C018AF /* JSQDataSourcesKit.xcodeproj */ = {isa = PBXFileReference; lastKnownFileType = "wrapper.pb-project"; name = JSQDataSourcesKit.xcodeproj; path = ../JSQDataSourcesKit.xcodeproj; sourceTree = "<group>"; };
		BF21124C1D46663600F1840A /* ComposedCellViewConfig.swift */ = {isa = PBXFileReference; fileEncoding = 4; lastKnownFileType = sourcecode.swift; path = ComposedCellViewConfig.swift; sourceTree = "<group>"; };
		BF5C03631D3FED6700CA3EA3 /* FancyCollectionViewCell.xib */ = {isa = PBXFileReference; fileEncoding = 4; lastKnownFileType = file.xib; path = FancyCollectionViewCell.xib; sourceTree = "<group>"; };
		BF5C03681D3FED7F00CA3EA3 /* FancyCollectionViewCell.swift */ = {isa = PBXFileReference; fileEncoding = 4; lastKnownFileType = sourcecode.swift; path = FancyCollectionViewCell.swift; sourceTree = "<group>"; };
		BF6AEBD01D3E91A40048AE97 /* MixedCollectionViewController.swift */ = {isa = PBXFileReference; fileEncoding = 4; lastKnownFileType = sourcecode.swift; path = MixedCollectionViewController.swift; sourceTree = "<group>"; };
/* End PBXFileReference section */

/* Begin PBXFrameworksBuildPhase section */
		886EC77E1CFF2C8400BDE6FA /* Frameworks */ = {
			isa = PBXFrameworksBuildPhase;
			buildActionMask = 2147483647;
			files = (
			);
			runOnlyForDeploymentPostprocessing = 0;
		};
		887863311B3699C800E2F51C /* Frameworks */ = {
			isa = PBXFrameworksBuildPhase;
			buildActionMask = 2147483647;
			files = (
			);
			runOnlyForDeploymentPostprocessing = 0;
		};
		88DB89BE1A86D1A900DED153 /* Frameworks */ = {
			isa = PBXFrameworksBuildPhase;
			buildActionMask = 2147483647;
			files = (
				88DCAD911CB87E6700C018AF /* JSQDataSourcesKit.framework in Frameworks */,
				88AD28A61D1F97BC000492FC /* ExampleModel.framework in Frameworks */,
			);
			runOnlyForDeploymentPostprocessing = 0;
		};
/* End PBXFrameworksBuildPhase section */

/* Begin PBXGroup section */
		886EC78F1CFF2D4900BDE6FA /* Tests */ = {
			isa = PBXGroup;
			children = (
				886EC7901CFF2D4900BDE6FA /* ExampleTests.swift */,
				886EC7911CFF2D4900BDE6FA /* Info.plist */,
			);
			path = Tests;
			sourceTree = SOURCE_ROOT;
		};
		886EC7941CFF2DD200BDE6FA /* UITests */ = {
			isa = PBXGroup;
			children = (
				886EC7951CFF2DD200BDE6FA /* StaticViewsUITests.swift */,
				876B25561D03770600E8B477 /* FetchedResultsViewsUITests.swift */,
				876B25511D02661100E8B477 /* XCTestCase+Extensions.swift */,
				886EC7961CFF2DD200BDE6FA /* Info.plist */,
			);
			path = UITests;
			sourceTree = "<group>";
		};
		886EC7991CFF2E5E00BDE6FA /* Sources */ = {
			isa = PBXGroup;
			children = (
				886EC79A1CFF2E5E00BDE6FA /* AppDelegate.swift */,
				886EC79F1CFF2E5E00BDE6FA /* CollectionViewCell.swift */,
				886EC7A01CFF2E5E00BDE6FA /* CollectionViewCell.xib */,
				886EC7A11CFF2E5E00BDE6FA /* CollectionViewController.swift */,
				BF21124C1D46663600F1840A /* ComposedCellViewConfig.swift */,
				886EC7A21CFF2E5E00BDE6FA /* ComposedCollectionSupplementaryViewConfig.swift */,
				886EC7A41CFF2E5E00BDE6FA /* Extensions.swift */,
				BF5C03681D3FED7F00CA3EA3 /* FancyCollectionViewCell.swift */,
				BF5C03631D3FED6700CA3EA3 /* FancyCollectionViewCell.xib */,
				886EC7A51CFF2E5E00BDE6FA /* FetchedCollectionViewController.swift */,
				886EC7A61CFF2E5E00BDE6FA /* FetchedTableViewController.swift */,
				886EC7A71CFF2E5E00BDE6FA /* Helpers.swift */,
				886EC7A81CFF2E5E00BDE6FA /* Images.xcassets */,
				886EC7A91CFF2E5F00BDE6FA /* Info.plist */,
				886EC79B1CFF2E5E00BDE6FA /* LaunchScreen.xib */,
				886EC79D1CFF2E5E00BDE6FA /* Main.storyboard */,
				BF6AEBD01D3E91A40048AE97 /* MixedCollectionViewController.swift */,
				886EC7AC1CFF2E5F00BDE6FA /* TableViewController.swift */,
				886EC7AE1CFF2E5F00BDE6FA /* ViewController.swift */,
			);
			path = Sources;
			sourceTree = "<group>";
		};
		88AD289E1D1F97A3000492FC /* Products */ = {
			isa = PBXGroup;
			children = (
				88AD28A31D1F97A3000492FC /* ExampleModel.framework */,
				88AD28A51D1F97A3000492FC /* ExampleModelTests.xctest */,
			);
			name = Products;
			sourceTree = "<group>";
		};
		88DB89B81A86D1A900DED153 = {
			isa = PBXGroup;
			children = (
				886EC7991CFF2E5E00BDE6FA /* Sources */,
				886EC78F1CFF2D4900BDE6FA /* Tests */,
				886EC7941CFF2DD200BDE6FA /* UITests */,
				88DB89C21A86D1A900DED153 /* Products */,
				88AD289D1D1F97A3000492FC /* ExampleModel.xcodeproj */,
				88DCAD881CB87DD900C018AF /* JSQDataSourcesKit.xcodeproj */,
			);
			sourceTree = "<group>";
		};
		88DB89C21A86D1A900DED153 /* Products */ = {
			isa = PBXGroup;
			children = (
				88DB89C11A86D1A900DED153 /* DataSources.app */,
				887863341B3699C800E2F51C /* ExampleTests.xctest */,
				886EC7811CFF2C8400BDE6FA /* ExampleUITests.xctest */,
			);
			name = Products;
			sourceTree = "<group>";
		};
		88DCAD891CB87DD900C018AF /* Products */ = {
			isa = PBXGroup;
			children = (
				88DCAD8E1CB87DD900C018AF /* JSQDataSourcesKit.framework */,
				886EC78D1CFF2C8400BDE6FA /* JSQDataSourcesKit.framework */,
				88DCAD901CB87DD900C018AF /* JSQDataSourcesKitTests.xctest */,
			);
			name = Products;
			sourceTree = "<group>";
		};
/* End PBXGroup section */

/* Begin PBXNativeTarget section */
		886EC7801CFF2C8400BDE6FA /* ExampleUITests */ = {
			isa = PBXNativeTarget;
			buildConfigurationList = 886EC78E1CFF2C8400BDE6FA /* Build configuration list for PBXNativeTarget "ExampleUITests" */;
			buildPhases = (
				886EC77D1CFF2C8400BDE6FA /* Sources */,
				886EC77E1CFF2C8400BDE6FA /* Frameworks */,
				886EC77F1CFF2C8400BDE6FA /* Resources */,
			);
			buildRules = (
			);
			dependencies = (
				886EC7871CFF2C8400BDE6FA /* PBXTargetDependency */,
			);
			name = ExampleUITests;
			productName = ExampleUITests;
			productReference = 886EC7811CFF2C8400BDE6FA /* ExampleUITests.xctest */;
			productType = "com.apple.product-type.bundle.ui-testing";
		};
		887863331B3699C800E2F51C /* ExampleTests */ = {
			isa = PBXNativeTarget;
			buildConfigurationList = 8878633B1B3699C800E2F51C /* Build configuration list for PBXNativeTarget "ExampleTests" */;
			buildPhases = (
				887863301B3699C800E2F51C /* Sources */,
				887863311B3699C800E2F51C /* Frameworks */,
				887863321B3699C800E2F51C /* Resources */,
			);
			buildRules = (
			);
			dependencies = (
				8878633A1B3699C800E2F51C /* PBXTargetDependency */,
			);
			name = ExampleTests;
			productName = ExampleTests;
			productReference = 887863341B3699C800E2F51C /* ExampleTests.xctest */;
			productType = "com.apple.product-type.bundle.unit-test";
		};
		88DB89C01A86D1A900DED153 /* Example */ = {
			isa = PBXNativeTarget;
			buildConfigurationList = 88DB89E01A86D1A900DED153 /* Build configuration list for PBXNativeTarget "Example" */;
			buildPhases = (
				88DB89BD1A86D1A900DED153 /* Sources */,
				88DB89BE1A86D1A900DED153 /* Frameworks */,
				88DB89BF1A86D1A900DED153 /* Resources */,
				88DB89FA1A86D21C00DED153 /* Embed Frameworks */,
			);
			buildRules = (
			);
			dependencies = (
				88DCAD941CB87E6700C018AF /* PBXTargetDependency */,
				88AD28A91D1F97BC000492FC /* PBXTargetDependency */,
			);
			name = Example;
			productName = Example;
			productReference = 88DB89C11A86D1A900DED153 /* DataSources.app */;
			productType = "com.apple.product-type.application";
		};
/* End PBXNativeTarget section */

/* Begin PBXProject section */
		88DB89B91A86D1A900DED153 /* Project object */ = {
			isa = PBXProject;
			attributes = {
				LastSwiftUpdateCheck = 0730;
				LastUpgradeCheck = 1010;
				ORGANIZATIONNAME = "Hexed Bits";
				TargetAttributes = {
					886EC7801CFF2C8400BDE6FA = {
						CreatedOnToolsVersion = 7.3.1;
						LastSwiftMigration = 0900;
						ProvisioningStyle = Manual;
						TestTargetID = 88DB89C01A86D1A900DED153;
					};
					887863331B3699C800E2F51C = {
						CreatedOnToolsVersion = 7.0;
						LastSwiftMigration = 0900;
						ProvisioningStyle = Manual;
						TestTargetID = 88DB89C01A86D1A900DED153;
					};
					88DB89C01A86D1A900DED153 = {
						CreatedOnToolsVersion = 6.1.1;
						DevelopmentTeamName = "Jesse Squires";
						LastSwiftMigration = 0900;
						ProvisioningStyle = Manual;
					};
				};
			};
			buildConfigurationList = 88DB89BC1A86D1A900DED153 /* Build configuration list for PBXProject "Example" */;
			compatibilityVersion = "Xcode 3.2";
			developmentRegion = English;
			hasScannedForEncodings = 0;
			knownRegions = (
				en,
				Base,
			);
			mainGroup = 88DB89B81A86D1A900DED153;
			productRefGroup = 88DB89C21A86D1A900DED153 /* Products */;
			projectDirPath = "";
			projectReferences = (
				{
					ProductGroup = 88AD289E1D1F97A3000492FC /* Products */;
					ProjectRef = 88AD289D1D1F97A3000492FC /* ExampleModel.xcodeproj */;
				},
				{
					ProductGroup = 88DCAD891CB87DD900C018AF /* Products */;
					ProjectRef = 88DCAD881CB87DD900C018AF /* JSQDataSourcesKit.xcodeproj */;
				},
			);
			projectRoot = "";
			targets = (
				88DB89C01A86D1A900DED153 /* Example */,
				887863331B3699C800E2F51C /* ExampleTests */,
				886EC7801CFF2C8400BDE6FA /* ExampleUITests */,
			);
		};
/* End PBXProject section */

/* Begin PBXReferenceProxy section */
		886EC78D1CFF2C8400BDE6FA /* JSQDataSourcesKit.framework */ = {
			isa = PBXReferenceProxy;
			fileType = wrapper.framework;
			path = JSQDataSourcesKit.framework;
			remoteRef = 886EC78C1CFF2C8400BDE6FA /* PBXContainerItemProxy */;
			sourceTree = BUILT_PRODUCTS_DIR;
		};
		88AD28A31D1F97A3000492FC /* ExampleModel.framework */ = {
			isa = PBXReferenceProxy;
			fileType = wrapper.framework;
			path = ExampleModel.framework;
			remoteRef = 88AD28A21D1F97A3000492FC /* PBXContainerItemProxy */;
			sourceTree = BUILT_PRODUCTS_DIR;
		};
		88AD28A51D1F97A3000492FC /* ExampleModelTests.xctest */ = {
			isa = PBXReferenceProxy;
			fileType = wrapper.cfbundle;
			path = ExampleModelTests.xctest;
			remoteRef = 88AD28A41D1F97A3000492FC /* PBXContainerItemProxy */;
			sourceTree = BUILT_PRODUCTS_DIR;
		};
		88DCAD8E1CB87DD900C018AF /* JSQDataSourcesKit.framework */ = {
			isa = PBXReferenceProxy;
			fileType = wrapper.framework;
			path = JSQDataSourcesKit.framework;
			remoteRef = 88DCAD8D1CB87DD900C018AF /* PBXContainerItemProxy */;
			sourceTree = BUILT_PRODUCTS_DIR;
		};
		88DCAD901CB87DD900C018AF /* JSQDataSourcesKitTests.xctest */ = {
			isa = PBXReferenceProxy;
			fileType = wrapper.cfbundle;
			path = JSQDataSourcesKitTests.xctest;
			remoteRef = 88DCAD8F1CB87DD900C018AF /* PBXContainerItemProxy */;
			sourceTree = BUILT_PRODUCTS_DIR;
		};
/* End PBXReferenceProxy section */

/* Begin PBXResourcesBuildPhase section */
		886EC77F1CFF2C8400BDE6FA /* Resources */ = {
			isa = PBXResourcesBuildPhase;
			buildActionMask = 2147483647;
			files = (
			);
			runOnlyForDeploymentPostprocessing = 0;
		};
		887863321B3699C800E2F51C /* Resources */ = {
			isa = PBXResourcesBuildPhase;
			buildActionMask = 2147483647;
			files = (
			);
			runOnlyForDeploymentPostprocessing = 0;
		};
		88DB89BF1A86D1A900DED153 /* Resources */ = {
			isa = PBXResourcesBuildPhase;
			buildActionMask = 2147483647;
			files = (
				886EC7B01CFF2E5F00BDE6FA /* LaunchScreen.xib in Resources */,
				886EC7BB1CFF2E5F00BDE6FA /* Images.xcassets in Resources */,
				886EC7B11CFF2E5F00BDE6FA /* Main.storyboard in Resources */,
				886EC7B31CFF2E5F00BDE6FA /* CollectionViewCell.xib in Resources */,
				BF5C03641D3FED6700CA3EA3 /* FancyCollectionViewCell.xib in Resources */,
			);
			runOnlyForDeploymentPostprocessing = 0;
		};
/* End PBXResourcesBuildPhase section */

/* Begin PBXSourcesBuildPhase section */
		886EC77D1CFF2C8400BDE6FA /* Sources */ = {
			isa = PBXSourcesBuildPhase;
			buildActionMask = 2147483647;
			files = (
				876B25551D02662B00E8B477 /* XCTestCase+Extensions.swift in Sources */,
				876B25571D03770600E8B477 /* FetchedResultsViewsUITests.swift in Sources */,
				886EC7971CFF2DD200BDE6FA /* StaticViewsUITests.swift in Sources */,
			);
			runOnlyForDeploymentPostprocessing = 0;
		};
		887863301B3699C800E2F51C /* Sources */ = {
			isa = PBXSourcesBuildPhase;
			buildActionMask = 2147483647;
			files = (
				886EC7921CFF2D4900BDE6FA /* ExampleTests.swift in Sources */,
			);
			runOnlyForDeploymentPostprocessing = 0;
		};
		88DB89BD1A86D1A900DED153 /* Sources */ = {
			isa = PBXSourcesBuildPhase;
			buildActionMask = 2147483647;
			files = (
				886EC7B71CFF2E5F00BDE6FA /* Extensions.swift in Sources */,
				886EC7B91CFF2E5F00BDE6FA /* FetchedTableViewController.swift in Sources */,
				886EC7B41CFF2E5F00BDE6FA /* CollectionViewController.swift in Sources */,
				886EC7BA1CFF2E5F00BDE6FA /* Helpers.swift in Sources */,
				886EC7B81CFF2E5F00BDE6FA /* FetchedCollectionViewController.swift in Sources */,
				BF21124D1D46663600F1840A /* ComposedCellViewConfig.swift in Sources */,
				886EC7BE1CFF2E5F00BDE6FA /* TableViewController.swift in Sources */,
				886EC7C01CFF2E5F00BDE6FA /* ViewController.swift in Sources */,
				886EC7B21CFF2E5F00BDE6FA /* CollectionViewCell.swift in Sources */,
				BF5C03691D3FED7F00CA3EA3 /* FancyCollectionViewCell.swift in Sources */,
				BF6AEBD11D3E91A40048AE97 /* MixedCollectionViewController.swift in Sources */,
				886EC7AF1CFF2E5F00BDE6FA /* AppDelegate.swift in Sources */,
				886EC7B51CFF2E5F00BDE6FA /* ComposedCollectionSupplementaryViewConfig.swift in Sources */,
			);
			runOnlyForDeploymentPostprocessing = 0;
		};
/* End PBXSourcesBuildPhase section */

/* Begin PBXTargetDependency section */
		886EC7871CFF2C8400BDE6FA /* PBXTargetDependency */ = {
			isa = PBXTargetDependency;
			target = 88DB89C01A86D1A900DED153 /* Example */;
			targetProxy = 886EC7861CFF2C8400BDE6FA /* PBXContainerItemProxy */;
		};
		8878633A1B3699C800E2F51C /* PBXTargetDependency */ = {
			isa = PBXTargetDependency;
			target = 88DB89C01A86D1A900DED153 /* Example */;
			targetProxy = 887863391B3699C800E2F51C /* PBXContainerItemProxy */;
		};
		88AD28A91D1F97BC000492FC /* PBXTargetDependency */ = {
			isa = PBXTargetDependency;
			name = ExampleModel;
			targetProxy = 88AD28A81D1F97BC000492FC /* PBXContainerItemProxy */;
		};
		88DCAD941CB87E6700C018AF /* PBXTargetDependency */ = {
			isa = PBXTargetDependency;
			name = JSQDataSourcesKit;
			targetProxy = 88DCAD931CB87E6700C018AF /* PBXContainerItemProxy */;
		};
/* End PBXTargetDependency section */

/* Begin PBXVariantGroup section */
		886EC79B1CFF2E5E00BDE6FA /* LaunchScreen.xib */ = {
			isa = PBXVariantGroup;
			children = (
				886EC79C1CFF2E5E00BDE6FA /* Base */,
			);
			name = LaunchScreen.xib;
			sourceTree = "<group>";
		};
		886EC79D1CFF2E5E00BDE6FA /* Main.storyboard */ = {
			isa = PBXVariantGroup;
			children = (
				886EC79E1CFF2E5E00BDE6FA /* Base */,
			);
			name = Main.storyboard;
			sourceTree = "<group>";
		};
/* End PBXVariantGroup section */

/* Begin XCBuildConfiguration section */
		886EC7881CFF2C8400BDE6FA /* Debug */ = {
			isa = XCBuildConfiguration;
			buildSettings = {
				CLANG_ANALYZER_NONNULL = YES;
				"CODE_SIGN_IDENTITY[sdk=iphoneos*]" = "iPhone Developer";
				CODE_SIGN_STYLE = Manual;
				DEBUG_INFORMATION_FORMAT = dwarf;
				DEVELOPMENT_TEAM = "";
				GCC_NO_COMMON_BLOCKS = YES;
				INFOPLIST_FILE = UITests/Info.plist;
				LD_RUNPATH_SEARCH_PATHS = "$(inherited) @executable_path/Frameworks @loader_path/Frameworks";
				PRODUCT_BUNDLE_IDENTIFIER = com.hexedbits.ExampleUITests;
				PRODUCT_NAME = "$(TARGET_NAME)";
				PROVISIONING_PROFILE_SPECIFIER = "";
				TEST_TARGET_NAME = Example;
			};
			name = Debug;
		};
		886EC7891CFF2C8400BDE6FA /* Release */ = {
			isa = XCBuildConfiguration;
			buildSettings = {
				CLANG_ANALYZER_NONNULL = YES;
				"CODE_SIGN_IDENTITY[sdk=iphoneos*]" = "iPhone Developer";
				CODE_SIGN_STYLE = Manual;
				COPY_PHASE_STRIP = NO;
				DEBUG_INFORMATION_FORMAT = "dwarf-with-dsym";
				DEVELOPMENT_TEAM = "";
				GCC_NO_COMMON_BLOCKS = YES;
				INFOPLIST_FILE = UITests/Info.plist;
				LD_RUNPATH_SEARCH_PATHS = "$(inherited) @executable_path/Frameworks @loader_path/Frameworks";
				PRODUCT_BUNDLE_IDENTIFIER = com.hexedbits.ExampleUITests;
				PRODUCT_NAME = "$(TARGET_NAME)";
				PROVISIONING_PROFILE_SPECIFIER = "";
				SWIFT_OPTIMIZATION_LEVEL = "-Owholemodule";
				TEST_TARGET_NAME = Example;
			};
			name = Release;
		};
		8878633C1B3699C800E2F51C /* Debug */ = {
			isa = XCBuildConfiguration;
			buildSettings = {
				BUNDLE_LOADER = "$(TEST_HOST)";
				CODE_SIGN_STYLE = Manual;
				DEBUG_INFORMATION_FORMAT = dwarf;
				DEVELOPMENT_TEAM = "";
				GCC_NO_COMMON_BLOCKS = YES;
				INFOPLIST_FILE = Tests/Info.plist;
				LD_RUNPATH_SEARCH_PATHS = "$(inherited) @executable_path/Frameworks @loader_path/Frameworks";
				PRODUCT_BUNDLE_IDENTIFIER = com.hexedbits.ExampleTests;
				PRODUCT_NAME = "$(TARGET_NAME)";
				PROVISIONING_PROFILE_SPECIFIER = "";
				TEST_HOST = "$(BUILT_PRODUCTS_DIR)/DataSources.app/DataSources";
			};
			name = Debug;
		};
		8878633D1B3699C800E2F51C /* Release */ = {
			isa = XCBuildConfiguration;
			buildSettings = {
				BUNDLE_LOADER = "$(TEST_HOST)";
				CODE_SIGN_STYLE = Manual;
				COPY_PHASE_STRIP = NO;
				DEBUG_INFORMATION_FORMAT = "dwarf-with-dsym";
				DEVELOPMENT_TEAM = "";
				GCC_NO_COMMON_BLOCKS = YES;
				INFOPLIST_FILE = Tests/Info.plist;
				LD_RUNPATH_SEARCH_PATHS = "$(inherited) @executable_path/Frameworks @loader_path/Frameworks";
				PRODUCT_BUNDLE_IDENTIFIER = com.hexedbits.ExampleTests;
				PRODUCT_NAME = "$(TARGET_NAME)";
				PROVISIONING_PROFILE_SPECIFIER = "";
				SWIFT_OPTIMIZATION_LEVEL = "-Owholemodule";
				TEST_HOST = "$(BUILT_PRODUCTS_DIR)/DataSources.app/DataSources";
			};
			name = Release;
		};
		88DB89DE1A86D1A900DED153 /* Debug */ = {
			isa = XCBuildConfiguration;
			buildSettings = {
				ALWAYS_SEARCH_USER_PATHS = NO;
				CLANG_CXX_LANGUAGE_STANDARD = "gnu++0x";
				CLANG_CXX_LIBRARY = "libc++";
				CLANG_ENABLE_MODULES = YES;
				CLANG_ENABLE_OBJC_ARC = YES;
				CLANG_WARN_BLOCK_CAPTURE_AUTORELEASING = YES;
				CLANG_WARN_BOOL_CONVERSION = YES;
				CLANG_WARN_COMMA = YES;
				CLANG_WARN_CONSTANT_CONVERSION = YES;
				CLANG_WARN_DEPRECATED_OBJC_IMPLEMENTATIONS = YES;
				CLANG_WARN_DIRECT_OBJC_ISA_USAGE = YES_ERROR;
				CLANG_WARN_EMPTY_BODY = YES;
				CLANG_WARN_ENUM_CONVERSION = YES;
				CLANG_WARN_INFINITE_RECURSION = YES;
				CLANG_WARN_INT_CONVERSION = YES;
				CLANG_WARN_NON_LITERAL_NULL_CONVERSION = YES;
				CLANG_WARN_OBJC_IMPLICIT_RETAIN_SELF = YES;
				CLANG_WARN_OBJC_LITERAL_CONVERSION = YES;
				CLANG_WARN_OBJC_ROOT_CLASS = YES_ERROR;
				CLANG_WARN_RANGE_LOOP_ANALYSIS = YES;
				CLANG_WARN_STRICT_PROTOTYPES = YES;
				CLANG_WARN_SUSPICIOUS_MOVE = YES;
				CLANG_WARN_UNREACHABLE_CODE = YES;
				CLANG_WARN__DUPLICATE_METHOD_MATCH = YES;
				"CODE_SIGN_IDENTITY[sdk=iphoneos*]" = "iPhone Developer";
				COPY_PHASE_STRIP = NO;
				ENABLE_STRICT_OBJC_MSGSEND = YES;
				ENABLE_TESTABILITY = YES;
				GCC_C_LANGUAGE_STANDARD = gnu99;
				GCC_DYNAMIC_NO_PIC = NO;
				GCC_NO_COMMON_BLOCKS = YES;
				GCC_OPTIMIZATION_LEVEL = 0;
				GCC_PREPROCESSOR_DEFINITIONS = (
					"DEBUG=1",
					"$(inherited)",
				);
				GCC_SYMBOLS_PRIVATE_EXTERN = NO;
				GCC_WARN_64_TO_32_BIT_CONVERSION = YES;
				GCC_WARN_ABOUT_RETURN_TYPE = YES_ERROR;
				GCC_WARN_UNDECLARED_SELECTOR = YES;
				GCC_WARN_UNINITIALIZED_AUTOS = YES_AGGRESSIVE;
				GCC_WARN_UNUSED_FUNCTION = YES;
				GCC_WARN_UNUSED_VARIABLE = YES;
				IPHONEOS_DEPLOYMENT_TARGET = 11.0;
				MTL_ENABLE_DEBUG_INFO = YES;
				ONLY_ACTIVE_ARCH = YES;
				PRODUCT_NAME = DataSources;
				SDKROOT = iphoneos;
				SWIFT_OPTIMIZATION_LEVEL = "-Onone";
				SWIFT_VERSION = 4.2;
				TARGETED_DEVICE_FAMILY = "1,2";
			};
			name = Debug;
		};
		88DB89DF1A86D1A900DED153 /* Release */ = {
			isa = XCBuildConfiguration;
			buildSettings = {
				ALWAYS_SEARCH_USER_PATHS = NO;
				CLANG_CXX_LANGUAGE_STANDARD = "gnu++0x";
				CLANG_CXX_LIBRARY = "libc++";
				CLANG_ENABLE_MODULES = YES;
				CLANG_ENABLE_OBJC_ARC = YES;
				CLANG_WARN_BLOCK_CAPTURE_AUTORELEASING = YES;
				CLANG_WARN_BOOL_CONVERSION = YES;
				CLANG_WARN_COMMA = YES;
				CLANG_WARN_CONSTANT_CONVERSION = YES;
				CLANG_WARN_DEPRECATED_OBJC_IMPLEMENTATIONS = YES;
				CLANG_WARN_DIRECT_OBJC_ISA_USAGE = YES_ERROR;
				CLANG_WARN_EMPTY_BODY = YES;
				CLANG_WARN_ENUM_CONVERSION = YES;
				CLANG_WARN_INFINITE_RECURSION = YES;
				CLANG_WARN_INT_CONVERSION = YES;
				CLANG_WARN_NON_LITERAL_NULL_CONVERSION = YES;
				CLANG_WARN_OBJC_IMPLICIT_RETAIN_SELF = YES;
				CLANG_WARN_OBJC_LITERAL_CONVERSION = YES;
				CLANG_WARN_OBJC_ROOT_CLASS = YES_ERROR;
				CLANG_WARN_RANGE_LOOP_ANALYSIS = YES;
				CLANG_WARN_STRICT_PROTOTYPES = YES;
				CLANG_WARN_SUSPICIOUS_MOVE = YES;
				CLANG_WARN_UNREACHABLE_CODE = YES;
				CLANG_WARN__DUPLICATE_METHOD_MATCH = YES;
				"CODE_SIGN_IDENTITY[sdk=iphoneos*]" = "iPhone Developer";
				COPY_PHASE_STRIP = YES;
				ENABLE_NS_ASSERTIONS = NO;
				ENABLE_STRICT_OBJC_MSGSEND = YES;
				GCC_C_LANGUAGE_STANDARD = gnu99;
				GCC_NO_COMMON_BLOCKS = YES;
				GCC_WARN_64_TO_32_BIT_CONVERSION = YES;
				GCC_WARN_ABOUT_RETURN_TYPE = YES_ERROR;
				GCC_WARN_UNDECLARED_SELECTOR = YES;
				GCC_WARN_UNINITIALIZED_AUTOS = YES_AGGRESSIVE;
				GCC_WARN_UNUSED_FUNCTION = YES;
				GCC_WARN_UNUSED_VARIABLE = YES;
				IPHONEOS_DEPLOYMENT_TARGET = 11.0;
				MTL_ENABLE_DEBUG_INFO = NO;
				PRODUCT_NAME = DataSources;
				SDKROOT = iphoneos;
				SWIFT_VERSION = 4.2;
				TARGETED_DEVICE_FAMILY = "1,2";
				VALIDATE_PRODUCT = YES;
			};
			name = Release;
		};
		88DB89E11A86D1A900DED153 /* Debug */ = {
			isa = XCBuildConfiguration;
			buildSettings = {
				ALWAYS_EMBED_SWIFT_STANDARD_LIBRARIES = YES;
				ASSETCATALOG_COMPILER_APPICON_NAME = AppIcon;
				"CODE_SIGN_IDENTITY[sdk=iphoneos*]" = "iPhone Developer";
				CODE_SIGN_STYLE = Manual;
				DEVELOPMENT_TEAM = "";
				INFOPLIST_FILE = "$(SRCROOT)/Sources/Info.plist";
				LD_RUNPATH_SEARCH_PATHS = "$(inherited) @executable_path/Frameworks";
				PRODUCT_BUNDLE_IDENTIFIER = "com.hexedbits.$(PRODUCT_NAME)";
				PRODUCT_MODULE_NAME = Example;
				PRODUCT_NAME = "$(PRODUCT_NAME)";
				PROVISIONING_PROFILE_SPECIFIER = "";
			};
			name = Debug;
		};
		88DB89E21A86D1A900DED153 /* Release */ = {
			isa = XCBuildConfiguration;
			buildSettings = {
				ALWAYS_EMBED_SWIFT_STANDARD_LIBRARIES = YES;
				ASSETCATALOG_COMPILER_APPICON_NAME = AppIcon;
				"CODE_SIGN_IDENTITY[sdk=iphoneos*]" = "iPhone Developer";
				CODE_SIGN_STYLE = Manual;
				DEVELOPMENT_TEAM = "";
				INFOPLIST_FILE = "$(SRCROOT)/Sources/Info.plist";
				LD_RUNPATH_SEARCH_PATHS = "$(inherited) @executable_path/Frameworks";
				PRODUCT_BUNDLE_IDENTIFIER = "com.hexedbits.$(PRODUCT_NAME)";
				PRODUCT_MODULE_NAME = Example;
				PRODUCT_NAME = "$(PRODUCT_NAME)";
				PROVISIONING_PROFILE_SPECIFIER = "";
				SWIFT_OPTIMIZATION_LEVEL = "-Owholemodule";
			};
			name = Release;
		};
/* End XCBuildConfiguration section */

/* Begin XCConfigurationList section */
		886EC78E1CFF2C8400BDE6FA /* Build configuration list for PBXNativeTarget "ExampleUITests" */ = {
			isa = XCConfigurationList;
			buildConfigurations = (
				886EC7881CFF2C8400BDE6FA /* Debug */,
				886EC7891CFF2C8400BDE6FA /* Release */,
			);
			defaultConfigurationIsVisible = 0;
			defaultConfigurationName = Release;
		};
		8878633B1B3699C800E2F51C /* Build configuration list for PBXNativeTarget "ExampleTests" */ = {
			isa = XCConfigurationList;
			buildConfigurations = (
				8878633C1B3699C800E2F51C /* Debug */,
				8878633D1B3699C800E2F51C /* Release */,
			);
			defaultConfigurationIsVisible = 0;
			defaultConfigurationName = Release;
		};
		88DB89BC1A86D1A900DED153 /* Build configuration list for PBXProject "Example" */ = {
			isa = XCConfigurationList;
			buildConfigurations = (
				88DB89DE1A86D1A900DED153 /* Debug */,
				88DB89DF1A86D1A900DED153 /* Release */,
			);
			defaultConfigurationIsVisible = 0;
			defaultConfigurationName = Release;
		};
		88DB89E01A86D1A900DED153 /* Build configuration list for PBXNativeTarget "Example" */ = {
			isa = XCConfigurationList;
			buildConfigurations = (
				88DB89E11A86D1A900DED153 /* Debug */,
				88DB89E21A86D1A900DED153 /* Release */,
			);
			defaultConfigurationIsVisible = 0;
			defaultConfigurationName = Release;
		};
/* End XCConfigurationList section */
	};
	rootObject = 88DB89B91A86D1A900DED153 /* Project object */;
}
