// !$*UTF8*$!
{
	archiveVersion = 1;
	classes = {
	};
	objectVersion = 46;
	objects = {

/* Begin PBXBuildFile section */
		8851E2D81B36A1E000E875DC /* Thing.swift in Sources */ = {isa = PBXBuildFile; fileRef = 8851E2D51B36A12400E875DC /* Thing.swift */; };
		886EC7921CFF2D4900BDE6FA /* ExampleTests.swift in Sources */ = {isa = PBXBuildFile; fileRef = 886EC7901CFF2D4900BDE6FA /* ExampleTests.swift */; };
		886EC7971CFF2DD200BDE6FA /* ExampleUITests.swift in Sources */ = {isa = PBXBuildFile; fileRef = 886EC7951CFF2DD200BDE6FA /* ExampleUITests.swift */; };
		88B3233D1A86D5E3007FB904 /* TableViewController.swift in Sources */ = {isa = PBXBuildFile; fileRef = 88B3233C1A86D5E3007FB904 /* TableViewController.swift */; };
		88B3233F1A86D5ED007FB904 /* CollectionViewController.swift in Sources */ = {isa = PBXBuildFile; fileRef = 88B3233E1A86D5ED007FB904 /* CollectionViewController.swift */; };
		88BD673F1A99572F00F93FA6 /* Model.xcdatamodeld in Sources */ = {isa = PBXBuildFile; fileRef = 88BD673D1A99572F00F93FA6 /* Model.xcdatamodeld */; };
		88BD67471A99597600F93FA6 /* FetchedTableViewController.swift in Sources */ = {isa = PBXBuildFile; fileRef = 88BD67461A99597600F93FA6 /* FetchedTableViewController.swift */; };
		88BD67491A9959F500F93FA6 /* FetchedCollectionViewController.swift in Sources */ = {isa = PBXBuildFile; fileRef = 88BD67481A9959F500F93FA6 /* FetchedCollectionViewController.swift */; };
		88BD674B1A995B2A00F93FA6 /* CoreDataStack.swift in Sources */ = {isa = PBXBuildFile; fileRef = 88BD674A1A995B2A00F93FA6 /* CoreDataStack.swift */; };
		88D21DA31A9932BD00E736DC /* CollectionViewCell.swift in Sources */ = {isa = PBXBuildFile; fileRef = 88D21DA21A9932BD00E736DC /* CollectionViewCell.swift */; };
		88D21DA61A9932CD00E736DC /* CollectionViewCell.xib in Resources */ = {isa = PBXBuildFile; fileRef = 88D21DA51A9932CD00E736DC /* CollectionViewCell.xib */; };
		88D629731AAC081300798997 /* ComposedSupplementaryViewFactory.swift in Sources */ = {isa = PBXBuildFile; fileRef = 88D629721AAC081300798997 /* ComposedSupplementaryViewFactory.swift */; };
		88DB89C71A86D1A900DED153 /* AppDelegate.swift in Sources */ = {isa = PBXBuildFile; fileRef = 88DB89C61A86D1A900DED153 /* AppDelegate.swift */; };
		88DB89C91A86D1A900DED153 /* ViewController.swift in Sources */ = {isa = PBXBuildFile; fileRef = 88DB89C81A86D1A900DED153 /* ViewController.swift */; };
		88DB89CC1A86D1A900DED153 /* Main.storyboard in Resources */ = {isa = PBXBuildFile; fileRef = 88DB89CA1A86D1A900DED153 /* Main.storyboard */; };
		88DB89CE1A86D1A900DED153 /* Images.xcassets in Resources */ = {isa = PBXBuildFile; fileRef = 88DB89CD1A86D1A900DED153 /* Images.xcassets */; };
		88DB89D11A86D1A900DED153 /* LaunchScreen.xib in Resources */ = {isa = PBXBuildFile; fileRef = 88DB89CF1A86D1A900DED153 /* LaunchScreen.xib */; };
		88DCAD911CB87E6700C018AF /* JSQDataSourcesKit.framework in Frameworks */ = {isa = PBXBuildFile; fileRef = 88DCAD8E1CB87DD900C018AF /* JSQDataSourcesKit.framework */; };
		88DCAD921CB87E6700C018AF /* JSQDataSourcesKit.framework in Embed Frameworks */ = {isa = PBXBuildFile; fileRef = 88DCAD8E1CB87DD900C018AF /* JSQDataSourcesKit.framework */; settings = {ATTRIBUTES = (CodeSignOnCopy, RemoveHeadersOnCopy, ); }; };
		88EF47AB1BD31FFA0029F3BB /* Extensions.swift in Sources */ = {isa = PBXBuildFile; fileRef = 88EF47AA1BD31FFA0029F3BB /* Extensions.swift */; };
		88EF47AE1BD320500029F3BB /* Helpers.swift in Sources */ = {isa = PBXBuildFile; fileRef = 88EF47AD1BD320500029F3BB /* Helpers.swift */; };
/* End PBXBuildFile section */

/* Begin PBXContainerItemProxy section */
		886EC7861CFF2C8400BDE6FA /* PBXContainerItemProxy */ = {
			isa = PBXContainerItemProxy;
			containerPortal = 88DB89B91A86D1A900DED153 /* Project object */;
			proxyType = 1;
			remoteGlobalIDString = 88DB89C01A86D1A900DED153;
			remoteInfo = Example;
		};
		886EC78C1CFF2C8400BDE6FA /* PBXContainerItemProxy */ = {
			isa = PBXContainerItemProxy;
			containerPortal = 88DCAD881CB87DD900C018AF /* JSQDataSourcesKit.xcodeproj */;
			proxyType = 2;
			remoteGlobalIDString = 881A92CC1CB881270080BC5C;
			remoteInfo = "JSQDataSourcesKit-tvOS";
		};
		887863391B3699C800E2F51C /* PBXContainerItemProxy */ = {
			isa = PBXContainerItemProxy;
			containerPortal = 88DB89B91A86D1A900DED153 /* Project object */;
			proxyType = 1;
			remoteGlobalIDString = 88DB89C01A86D1A900DED153;
			remoteInfo = Example;
		};
		88DCAD8D1CB87DD900C018AF /* PBXContainerItemProxy */ = {
			isa = PBXContainerItemProxy;
			containerPortal = 88DCAD881CB87DD900C018AF /* JSQDataSourcesKit.xcodeproj */;
			proxyType = 2;
			remoteGlobalIDString = 887DD0841B3BAC6C00FC4BF1;
			remoteInfo = JSQDataSourcesKit;
		};
		88DCAD8F1CB87DD900C018AF /* PBXContainerItemProxy */ = {
			isa = PBXContainerItemProxy;
			containerPortal = 88DCAD881CB87DD900C018AF /* JSQDataSourcesKit.xcodeproj */;
			proxyType = 2;
			remoteGlobalIDString = 887DD08E1B3BAC6C00FC4BF1;
			remoteInfo = JSQDataSourcesKitTests;
		};
		88DCAD931CB87E6700C018AF /* PBXContainerItemProxy */ = {
			isa = PBXContainerItemProxy;
			containerPortal = 88DCAD881CB87DD900C018AF /* JSQDataSourcesKit.xcodeproj */;
			proxyType = 1;
			remoteGlobalIDString = 887DD0831B3BAC6C00FC4BF1;
			remoteInfo = JSQDataSourcesKit;
		};
/* End PBXContainerItemProxy section */

/* Begin PBXCopyFilesBuildPhase section */
		88DB89FA1A86D21C00DED153 /* Embed Frameworks */ = {
			isa = PBXCopyFilesBuildPhase;
			buildActionMask = 2147483647;
			dstPath = "";
			dstSubfolderSpec = 10;
			files = (
				88DCAD921CB87E6700C018AF /* JSQDataSourcesKit.framework in Embed Frameworks */,
			);
			name = "Embed Frameworks";
			runOnlyForDeploymentPostprocessing = 0;
		};
/* End PBXCopyFilesBuildPhase section */

/* Begin PBXFileReference section */
		8851E2D51B36A12400E875DC /* Thing.swift */ = {isa = PBXFileReference; fileEncoding = 4; lastKnownFileType = sourcecode.swift; path = Thing.swift; sourceTree = "<group>"; };
		886EC7811CFF2C8400BDE6FA /* ExampleUITests.xctest */ = {isa = PBXFileReference; explicitFileType = wrapper.cfbundle; includeInIndex = 0; path = ExampleUITests.xctest; sourceTree = BUILT_PRODUCTS_DIR; };
		886EC7901CFF2D4900BDE6FA /* ExampleTests.swift */ = {isa = PBXFileReference; fileEncoding = 4; lastKnownFileType = sourcecode.swift; path = ExampleTests.swift; sourceTree = "<group>"; };
		886EC7911CFF2D4900BDE6FA /* Info.plist */ = {isa = PBXFileReference; fileEncoding = 4; lastKnownFileType = text.plist.xml; path = Info.plist; sourceTree = "<group>"; };
		886EC7951CFF2DD200BDE6FA /* ExampleUITests.swift */ = {isa = PBXFileReference; fileEncoding = 4; lastKnownFileType = sourcecode.swift; path = ExampleUITests.swift; sourceTree = "<group>"; };
		886EC7961CFF2DD200BDE6FA /* Info.plist */ = {isa = PBXFileReference; fileEncoding = 4; lastKnownFileType = text.plist.xml; path = Info.plist; sourceTree = "<group>"; };
		887863341B3699C800E2F51C /* ExampleTests.xctest */ = {isa = PBXFileReference; explicitFileType = wrapper.cfbundle; includeInIndex = 0; path = ExampleTests.xctest; sourceTree = BUILT_PRODUCTS_DIR; };
		88B3233C1A86D5E3007FB904 /* TableViewController.swift */ = {isa = PBXFileReference; fileEncoding = 4; lastKnownFileType = sourcecode.swift; path = TableViewController.swift; sourceTree = "<group>"; };
		88B3233E1A86D5ED007FB904 /* CollectionViewController.swift */ = {isa = PBXFileReference; fileEncoding = 4; lastKnownFileType = sourcecode.swift; path = CollectionViewController.swift; sourceTree = "<group>"; };
		88BD673E1A99572F00F93FA6 /* Model.xcdatamodel */ = {isa = PBXFileReference; lastKnownFileType = wrapper.xcdatamodel; path = Model.xcdatamodel; sourceTree = "<group>"; };
		88BD67461A99597600F93FA6 /* FetchedTableViewController.swift */ = {isa = PBXFileReference; fileEncoding = 4; lastKnownFileType = sourcecode.swift; path = FetchedTableViewController.swift; sourceTree = "<group>"; };
		88BD67481A9959F500F93FA6 /* FetchedCollectionViewController.swift */ = {isa = PBXFileReference; fileEncoding = 4; lastKnownFileType = sourcecode.swift; path = FetchedCollectionViewController.swift; sourceTree = "<group>"; };
		88BD674A1A995B2A00F93FA6 /* CoreDataStack.swift */ = {isa = PBXFileReference; fileEncoding = 4; lastKnownFileType = sourcecode.swift; path = CoreDataStack.swift; sourceTree = "<group>"; };
		88D21DA21A9932BD00E736DC /* CollectionViewCell.swift */ = {isa = PBXFileReference; fileEncoding = 4; lastKnownFileType = sourcecode.swift; path = CollectionViewCell.swift; sourceTree = "<group>"; };
		88D21DA51A9932CD00E736DC /* CollectionViewCell.xib */ = {isa = PBXFileReference; fileEncoding = 4; lastKnownFileType = file.xib; path = CollectionViewCell.xib; sourceTree = "<group>"; };
		88D629721AAC081300798997 /* ComposedSupplementaryViewFactory.swift */ = {isa = PBXFileReference; fileEncoding = 4; lastKnownFileType = sourcecode.swift; path = ComposedSupplementaryViewFactory.swift; sourceTree = "<group>"; };
		88DB89C11A86D1A900DED153 /* DataSources.app */ = {isa = PBXFileReference; explicitFileType = wrapper.application; includeInIndex = 0; path = DataSources.app; sourceTree = BUILT_PRODUCTS_DIR; };
		88DB89C51A86D1A900DED153 /* Info.plist */ = {isa = PBXFileReference; lastKnownFileType = text.plist.xml; path = Info.plist; sourceTree = "<group>"; };
		88DB89C61A86D1A900DED153 /* AppDelegate.swift */ = {isa = PBXFileReference; lastKnownFileType = sourcecode.swift; path = AppDelegate.swift; sourceTree = "<group>"; };
		88DB89C81A86D1A900DED153 /* ViewController.swift */ = {isa = PBXFileReference; lastKnownFileType = sourcecode.swift; path = ViewController.swift; sourceTree = "<group>"; };
		88DB89CB1A86D1A900DED153 /* Base */ = {isa = PBXFileReference; lastKnownFileType = file.storyboard; name = Base; path = Base.lproj/Main.storyboard; sourceTree = "<group>"; };
		88DB89CD1A86D1A900DED153 /* Images.xcassets */ = {isa = PBXFileReference; lastKnownFileType = folder.assetcatalog; path = Images.xcassets; sourceTree = "<group>"; };
		88DB89D01A86D1A900DED153 /* Base */ = {isa = PBXFileReference; lastKnownFileType = file.xib; name = Base; path = Base.lproj/LaunchScreen.xib; sourceTree = "<group>"; };
		88DCAD881CB87DD900C018AF /* JSQDataSourcesKit.xcodeproj */ = {isa = PBXFileReference; lastKnownFileType = "wrapper.pb-project"; name = JSQDataSourcesKit.xcodeproj; path = ../JSQDataSourcesKit.xcodeproj; sourceTree = "<group>"; };
		88EF47AA1BD31FFA0029F3BB /* Extensions.swift */ = {isa = PBXFileReference; fileEncoding = 4; lastKnownFileType = sourcecode.swift; path = Extensions.swift; sourceTree = "<group>"; };
		88EF47AD1BD320500029F3BB /* Helpers.swift */ = {isa = PBXFileReference; fileEncoding = 4; lastKnownFileType = sourcecode.swift; path = Helpers.swift; sourceTree = "<group>"; };
/* End PBXFileReference section */

/* Begin PBXFrameworksBuildPhase section */
		886EC77E1CFF2C8400BDE6FA /* Frameworks */ = {
			isa = PBXFrameworksBuildPhase;
			buildActionMask = 2147483647;
			files = (
			);
			runOnlyForDeploymentPostprocessing = 0;
		};
		887863311B3699C800E2F51C /* Frameworks */ = {
			isa = PBXFrameworksBuildPhase;
			buildActionMask = 2147483647;
			files = (
			);
			runOnlyForDeploymentPostprocessing = 0;
		};
		88DB89BE1A86D1A900DED153 /* Frameworks */ = {
			isa = PBXFrameworksBuildPhase;
			buildActionMask = 2147483647;
			files = (
				88DCAD911CB87E6700C018AF /* JSQDataSourcesKit.framework in Frameworks */,
			);
			runOnlyForDeploymentPostprocessing = 0;
		};
/* End PBXFrameworksBuildPhase section */

/* Begin PBXGroup section */
		886EC78F1CFF2D4900BDE6FA /* Tests */ = {
			isa = PBXGroup;
			children = (
				886EC7901CFF2D4900BDE6FA /* ExampleTests.swift */,
				886EC7911CFF2D4900BDE6FA /* Info.plist */,
			);
			path = Tests;
			sourceTree = SOURCE_ROOT;
		};
		886EC7941CFF2DD200BDE6FA /* UITests */ = {
			isa = PBXGroup;
			children = (
				886EC7951CFF2DD200BDE6FA /* ExampleUITests.swift */,
				886EC7961CFF2DD200BDE6FA /* Info.plist */,
			);
			path = UITests;
			sourceTree = "<group>";
		};
		88BD67421A99579400F93FA6 /* CollectionView */ = {
			isa = PBXGroup;
			children = (
				88D21DA21A9932BD00E736DC /* CollectionViewCell.swift */,
				88D21DA51A9932CD00E736DC /* CollectionViewCell.xib */,
				88B3233E1A86D5ED007FB904 /* CollectionViewController.swift */,
				88BD67481A9959F500F93FA6 /* FetchedCollectionViewController.swift */,
				88D629721AAC081300798997 /* ComposedSupplementaryViewFactory.swift */,
			);
			name = CollectionView;
			sourceTree = "<group>";
		};
		88BD67431A99579700F93FA6 /* TableView */ = {
			isa = PBXGroup;
			children = (
				88BD67461A99597600F93FA6 /* FetchedTableViewController.swift */,
				88B3233C1A86D5E3007FB904 /* TableViewController.swift */,
			);
			name = TableView;
			sourceTree = "<group>";
		};
		88BD67441A99579A00F93FA6 /* Model */ = {
			isa = PBXGroup;
			children = (
				88BD674A1A995B2A00F93FA6 /* CoreDataStack.swift */,
				88BD673D1A99572F00F93FA6 /* Model.xcdatamodeld */,
				8851E2D51B36A12400E875DC /* Thing.swift */,
			);
			name = Model;
			sourceTree = "<group>";
		};
		88BD67451A9957CC00F93FA6 /* Application */ = {
			isa = PBXGroup;
			children = (
				88DB89C61A86D1A900DED153 /* AppDelegate.swift */,
				88EF47AA1BD31FFA0029F3BB /* Extensions.swift */,
				88EF47AD1BD320500029F3BB /* Helpers.swift */,
				88DB89CD1A86D1A900DED153 /* Images.xcassets */,
				88DB89C51A86D1A900DED153 /* Info.plist */,
				88DB89CF1A86D1A900DED153 /* LaunchScreen.xib */,
				88DB89CA1A86D1A900DED153 /* Main.storyboard */,
				88DB89C81A86D1A900DED153 /* ViewController.swift */,
			);
			name = Application;
			sourceTree = "<group>";
		};
		88DB89B81A86D1A900DED153 = {
			isa = PBXGroup;
			children = (
				88DB89C31A86D1A900DED153 /* Example */,
				886EC78F1CFF2D4900BDE6FA /* Tests */,
				886EC7941CFF2DD200BDE6FA /* UITests */,
				88DB89C21A86D1A900DED153 /* Products */,
				88DCAD881CB87DD900C018AF /* JSQDataSourcesKit.xcodeproj */,
			);
			sourceTree = "<group>";
		};
		88DB89C21A86D1A900DED153 /* Products */ = {
			isa = PBXGroup;
			children = (
				88DB89C11A86D1A900DED153 /* DataSources.app */,
				887863341B3699C800E2F51C /* ExampleTests.xctest */,
				886EC7811CFF2C8400BDE6FA /* ExampleUITests.xctest */,
			);
			name = Products;
			sourceTree = "<group>";
		};
		88DB89C31A86D1A900DED153 /* Example */ = {
			isa = PBXGroup;
			children = (
				88BD67451A9957CC00F93FA6 /* Application */,
				88BD67421A99579400F93FA6 /* CollectionView */,
				88BD67441A99579A00F93FA6 /* Model */,
				88BD67431A99579700F93FA6 /* TableView */,
			);
			path = Example;
			sourceTree = "<group>";
		};
		88DCAD891CB87DD900C018AF /* Products */ = {
			isa = PBXGroup;
			children = (
				88DCAD8E1CB87DD900C018AF /* JSQDataSourcesKit.framework */,
				886EC78D1CFF2C8400BDE6FA /* JSQDataSourcesKit.framework */,
				88DCAD901CB87DD900C018AF /* JSQDataSourcesKitTests.xctest */,
			);
			name = Products;
			sourceTree = "<group>";
		};
/* End PBXGroup section */

/* Begin PBXNativeTarget section */
		886EC7801CFF2C8400BDE6FA /* ExampleUITests */ = {
			isa = PBXNativeTarget;
			buildConfigurationList = 886EC78E1CFF2C8400BDE6FA /* Build configuration list for PBXNativeTarget "ExampleUITests" */;
			buildPhases = (
				886EC77D1CFF2C8400BDE6FA /* Sources */,
				886EC77E1CFF2C8400BDE6FA /* Frameworks */,
				886EC77F1CFF2C8400BDE6FA /* Resources */,
			);
			buildRules = (
			);
			dependencies = (
				886EC7871CFF2C8400BDE6FA /* PBXTargetDependency */,
			);
			name = ExampleUITests;
			productName = ExampleUITests;
			productReference = 886EC7811CFF2C8400BDE6FA /* ExampleUITests.xctest */;
			productType = "com.apple.product-type.bundle.ui-testing";
		};
		887863331B3699C800E2F51C /* ExampleTests */ = {
			isa = PBXNativeTarget;
			buildConfigurationList = 8878633B1B3699C800E2F51C /* Build configuration list for PBXNativeTarget "ExampleTests" */;
			buildPhases = (
				887863301B3699C800E2F51C /* Sources */,
				887863311B3699C800E2F51C /* Frameworks */,
				887863321B3699C800E2F51C /* Resources */,
			);
			buildRules = (
			);
			dependencies = (
				8878633A1B3699C800E2F51C /* PBXTargetDependency */,
			);
			name = ExampleTests;
			productName = ExampleTests;
			productReference = 887863341B3699C800E2F51C /* ExampleTests.xctest */;
			productType = "com.apple.product-type.bundle.unit-test";
		};
		88DB89C01A86D1A900DED153 /* Example */ = {
			isa = PBXNativeTarget;
			buildConfigurationList = 88DB89E01A86D1A900DED153 /* Build configuration list for PBXNativeTarget "Example" */;
			buildPhases = (
				88DB89BD1A86D1A900DED153 /* Sources */,
				88DB89BE1A86D1A900DED153 /* Frameworks */,
				88DB89BF1A86D1A900DED153 /* Resources */,
				88DB89FA1A86D21C00DED153 /* Embed Frameworks */,
			);
			buildRules = (
			);
			dependencies = (
				88DCAD941CB87E6700C018AF /* PBXTargetDependency */,
			);
			name = Example;
			productName = Example;
			productReference = 88DB89C11A86D1A900DED153 /* DataSources.app */;
			productType = "com.apple.product-type.application";
		};
/* End PBXNativeTarget section */

/* Begin PBXProject section */
		88DB89B91A86D1A900DED153 /* Project object */ = {
			isa = PBXProject;
			attributes = {
				LastSwiftUpdateCheck = 0730;
				LastUpgradeCheck = 0700;
				ORGANIZATIONNAME = "Hexed Bits";
				TargetAttributes = {
					886EC7801CFF2C8400BDE6FA = {
						CreatedOnToolsVersion = 7.3.1;
						TestTargetID = 88DB89C01A86D1A900DED153;
					};
					887863331B3699C800E2F51C = {
						CreatedOnToolsVersion = 7.0;
						TestTargetID = 88DB89C01A86D1A900DED153;
					};
					88DB89C01A86D1A900DED153 = {
						CreatedOnToolsVersion = 6.1.1;
					};
				};
			};
			buildConfigurationList = 88DB89BC1A86D1A900DED153 /* Build configuration list for PBXProject "Example" */;
			compatibilityVersion = "Xcode 3.2";
			developmentRegion = English;
			hasScannedForEncodings = 0;
			knownRegions = (
				en,
				Base,
			);
			mainGroup = 88DB89B81A86D1A900DED153;
			productRefGroup = 88DB89C21A86D1A900DED153 /* Products */;
			projectDirPath = "";
			projectReferences = (
				{
					ProductGroup = 88DCAD891CB87DD900C018AF /* Products */;
					ProjectRef = 88DCAD881CB87DD900C018AF /* JSQDataSourcesKit.xcodeproj */;
				},
			);
			projectRoot = "";
			targets = (
				88DB89C01A86D1A900DED153 /* Example */,
				887863331B3699C800E2F51C /* ExampleTests */,
				886EC7801CFF2C8400BDE6FA /* ExampleUITests */,
			);
		};
/* End PBXProject section */

/* Begin PBXReferenceProxy section */
		886EC78D1CFF2C8400BDE6FA /* JSQDataSourcesKit.framework */ = {
			isa = PBXReferenceProxy;
			fileType = wrapper.framework;
			path = JSQDataSourcesKit.framework;
			remoteRef = 886EC78C1CFF2C8400BDE6FA /* PBXContainerItemProxy */;
			sourceTree = BUILT_PRODUCTS_DIR;
		};
		88DCAD8E1CB87DD900C018AF /* JSQDataSourcesKit.framework */ = {
			isa = PBXReferenceProxy;
			fileType = wrapper.framework;
			path = JSQDataSourcesKit.framework;
			remoteRef = 88DCAD8D1CB87DD900C018AF /* PBXContainerItemProxy */;
			sourceTree = BUILT_PRODUCTS_DIR;
		};
		88DCAD901CB87DD900C018AF /* JSQDataSourcesKitTests.xctest */ = {
			isa = PBXReferenceProxy;
			fileType = wrapper.cfbundle;
			path = JSQDataSourcesKitTests.xctest;
			remoteRef = 88DCAD8F1CB87DD900C018AF /* PBXContainerItemProxy */;
			sourceTree = BUILT_PRODUCTS_DIR;
		};
/* End PBXReferenceProxy section */

/* Begin PBXResourcesBuildPhase section */
		886EC77F1CFF2C8400BDE6FA /* Resources */ = {
			isa = PBXResourcesBuildPhase;
			buildActionMask = 2147483647;
			files = (
			);
			runOnlyForDeploymentPostprocessing = 0;
		};
		887863321B3699C800E2F51C /* Resources */ = {
			isa = PBXResourcesBuildPhase;
			buildActionMask = 2147483647;
			files = (
			);
			runOnlyForDeploymentPostprocessing = 0;
		};
		88DB89BF1A86D1A900DED153 /* Resources */ = {
			isa = PBXResourcesBuildPhase;
			buildActionMask = 2147483647;
			files = (
				88DB89CC1A86D1A900DED153 /* Main.storyboard in Resources */,
				88DB89D11A86D1A900DED153 /* LaunchScreen.xib in Resources */,
				88DB89CE1A86D1A900DED153 /* Images.xcassets in Resources */,
				88D21DA61A9932CD00E736DC /* CollectionViewCell.xib in Resources */,
			);
			runOnlyForDeploymentPostprocessing = 0;
		};
/* End PBXResourcesBuildPhase section */

/* Begin PBXSourcesBuildPhase section */
		886EC77D1CFF2C8400BDE6FA /* Sources */ = {
			isa = PBXSourcesBuildPhase;
			buildActionMask = 2147483647;
			files = (
				886EC7971CFF2DD200BDE6FA /* ExampleUITests.swift in Sources */,
			);
			runOnlyForDeploymentPostprocessing = 0;
		};
		887863301B3699C800E2F51C /* Sources */ = {
			isa = PBXSourcesBuildPhase;
			buildActionMask = 2147483647;
			files = (
				886EC7921CFF2D4900BDE6FA /* ExampleTests.swift in Sources */,
			);
			runOnlyForDeploymentPostprocessing = 0;
		};
		88DB89BD1A86D1A900DED153 /* Sources */ = {
			isa = PBXSourcesBuildPhase;
			buildActionMask = 2147483647;
			files = (
				88D629731AAC081300798997 /* ComposedSupplementaryViewFactory.swift in Sources */,
				88BD67491A9959F500F93FA6 /* FetchedCollectionViewController.swift in Sources */,
				88B3233F1A86D5ED007FB904 /* CollectionViewController.swift in Sources */,
				88BD67471A99597600F93FA6 /* FetchedTableViewController.swift in Sources */,
				88D21DA31A9932BD00E736DC /* CollectionViewCell.swift in Sources */,
				88BD674B1A995B2A00F93FA6 /* CoreDataStack.swift in Sources */,
				88BD673F1A99572F00F93FA6 /* Model.xcdatamodeld in Sources */,
				8851E2D81B36A1E000E875DC /* Thing.swift in Sources */,
				88DB89C91A86D1A900DED153 /* ViewController.swift in Sources */,
				88B3233D1A86D5E3007FB904 /* TableViewController.swift in Sources */,
				88DB89C71A86D1A900DED153 /* AppDelegate.swift in Sources */,
				88EF47AE1BD320500029F3BB /* Helpers.swift in Sources */,
				88EF47AB1BD31FFA0029F3BB /* Extensions.swift in Sources */,
			);
			runOnlyForDeploymentPostprocessing = 0;
		};
/* End PBXSourcesBuildPhase section */

/* Begin PBXTargetDependency section */
		886EC7871CFF2C8400BDE6FA /* PBXTargetDependency */ = {
			isa = PBXTargetDependency;
			target = 88DB89C01A86D1A900DED153 /* Example */;
			targetProxy = 886EC7861CFF2C8400BDE6FA /* PBXContainerItemProxy */;
		};
		8878633A1B3699C800E2F51C /* PBXTargetDependency */ = {
			isa = PBXTargetDependency;
			target = 88DB89C01A86D1A900DED153 /* Example */;
			targetProxy = 887863391B3699C800E2F51C /* PBXContainerItemProxy */;
		};
		88DCAD941CB87E6700C018AF /* PBXTargetDependency */ = {
			isa = PBXTargetDependency;
			name = JSQDataSourcesKit;
			targetProxy = 88DCAD931CB87E6700C018AF /* PBXContainerItemProxy */;
		};
/* End PBXTargetDependency section */

/* Begin PBXVariantGroup section */
		88DB89CA1A86D1A900DED153 /* Main.storyboard */ = {
			isa = PBXVariantGroup;
			children = (
				88DB89CB1A86D1A900DED153 /* Base */,
			);
			name = Main.storyboard;
			sourceTree = "<group>";
		};
		88DB89CF1A86D1A900DED153 /* LaunchScreen.xib */ = {
			isa = PBXVariantGroup;
			children = (
				88DB89D01A86D1A900DED153 /* Base */,
			);
			name = LaunchScreen.xib;
			sourceTree = "<group>";
		};
/* End PBXVariantGroup section */

/* Begin XCBuildConfiguration section */
		886EC7881CFF2C8400BDE6FA /* Debug */ = {
			isa = XCBuildConfiguration;
			buildSettings = {
				CLANG_ANALYZER_NONNULL = YES;
				DEBUG_INFORMATION_FORMAT = dwarf;
				GCC_NO_COMMON_BLOCKS = YES;
				INFOPLIST_FILE = UITests/Info.plist;
				IPHONEOS_DEPLOYMENT_TARGET = 9.3;
				LD_RUNPATH_SEARCH_PATHS = "$(inherited) @executable_path/Frameworks @loader_path/Frameworks";
				PRODUCT_BUNDLE_IDENTIFIER = com.hexedbits.ExampleUITests;
				PRODUCT_NAME = "$(TARGET_NAME)";
				TEST_TARGET_NAME = Example;
			};
			name = Debug;
		};
		886EC7891CFF2C8400BDE6FA /* Release */ = {
			isa = XCBuildConfiguration;
			buildSettings = {
				CLANG_ANALYZER_NONNULL = YES;
				COPY_PHASE_STRIP = NO;
				DEBUG_INFORMATION_FORMAT = "dwarf-with-dsym";
				GCC_NO_COMMON_BLOCKS = YES;
				INFOPLIST_FILE = UITests/Info.plist;
				IPHONEOS_DEPLOYMENT_TARGET = 9.3;
				LD_RUNPATH_SEARCH_PATHS = "$(inherited) @executable_path/Frameworks @loader_path/Frameworks";
				PRODUCT_BUNDLE_IDENTIFIER = com.hexedbits.ExampleUITests;
				PRODUCT_NAME = "$(TARGET_NAME)";
				TEST_TARGET_NAME = Example;
			};
			name = Release;
		};
		8878633C1B3699C800E2F51C /* Debug */ = {
			isa = XCBuildConfiguration;
			buildSettings = {
				BUNDLE_LOADER = "$(TEST_HOST)";
				DEBUG_INFORMATION_FORMAT = dwarf;
				GCC_NO_COMMON_BLOCKS = YES;
				INFOPLIST_FILE = Tests/Info.plist;
				IPHONEOS_DEPLOYMENT_TARGET = 9.0;
				LD_RUNPATH_SEARCH_PATHS = "$(inherited) @executable_path/Frameworks @loader_path/Frameworks";
				PRODUCT_BUNDLE_IDENTIFIER = com.hexedbits.ExampleTests;
				PRODUCT_NAME = "$(TARGET_NAME)";
				TEST_HOST = "$(BUILT_PRODUCTS_DIR)/DataSources.app/DataSources";
			};
			name = Debug;
		};
		8878633D1B3699C800E2F51C /* Release */ = {
			isa = XCBuildConfiguration;
			buildSettings = {
				BUNDLE_LOADER = "$(TEST_HOST)";
				COPY_PHASE_STRIP = NO;
				DEBUG_INFORMATION_FORMAT = "dwarf-with-dsym";
				GCC_NO_COMMON_BLOCKS = YES;
				INFOPLIST_FILE = Tests/Info.plist;
				IPHONEOS_DEPLOYMENT_TARGET = 9.0;
				LD_RUNPATH_SEARCH_PATHS = "$(inherited) @executable_path/Frameworks @loader_path/Frameworks";
				PRODUCT_BUNDLE_IDENTIFIER = com.hexedbits.ExampleTests;
				PRODUCT_NAME = "$(TARGET_NAME)";
				TEST_HOST = "$(BUILT_PRODUCTS_DIR)/DataSources.app/DataSources";
			};
			name = Release;
		};
		88DB89DE1A86D1A900DED153 /* Debug */ = {
			isa = XCBuildConfiguration;
			buildSettings = {
				ALWAYS_SEARCH_USER_PATHS = NO;
				CLANG_CXX_LANGUAGE_STANDARD = "gnu++0x";
				CLANG_CXX_LIBRARY = "libc++";
				CLANG_ENABLE_MODULES = YES;
				CLANG_ENABLE_OBJC_ARC = YES;
				CLANG_WARN_BOOL_CONVERSION = YES;
				CLANG_WARN_CONSTANT_CONVERSION = YES;
				CLANG_WARN_DIRECT_OBJC_ISA_USAGE = YES_ERROR;
				CLANG_WARN_EMPTY_BODY = YES;
				CLANG_WARN_ENUM_CONVERSION = YES;
				CLANG_WARN_INT_CONVERSION = YES;
				CLANG_WARN_OBJC_ROOT_CLASS = YES_ERROR;
				CLANG_WARN_UNREACHABLE_CODE = YES;
				CLANG_WARN__DUPLICATE_METHOD_MATCH = YES;
				"CODE_SIGN_IDENTITY[sdk=iphoneos*]" = "iPhone Developer";
				COPY_PHASE_STRIP = NO;
				ENABLE_STRICT_OBJC_MSGSEND = YES;
				ENABLE_TESTABILITY = YES;
				GCC_C_LANGUAGE_STANDARD = gnu99;
				GCC_DYNAMIC_NO_PIC = NO;
				GCC_OPTIMIZATION_LEVEL = 0;
				GCC_PREPROCESSOR_DEFINITIONS = (
					"DEBUG=1",
					"$(inherited)",
				);
				GCC_SYMBOLS_PRIVATE_EXTERN = NO;
				GCC_WARN_64_TO_32_BIT_CONVERSION = YES;
				GCC_WARN_ABOUT_RETURN_TYPE = YES_ERROR;
				GCC_WARN_UNDECLARED_SELECTOR = YES;
				GCC_WARN_UNINITIALIZED_AUTOS = YES_AGGRESSIVE;
				GCC_WARN_UNUSED_FUNCTION = YES;
				GCC_WARN_UNUSED_VARIABLE = YES;
				IPHONEOS_DEPLOYMENT_TARGET = 8.1;
				MTL_ENABLE_DEBUG_INFO = YES;
				ONLY_ACTIVE_ARCH = YES;
				PRODUCT_NAME = DataSources;
				SDKROOT = iphoneos;
				SWIFT_OPTIMIZATION_LEVEL = "-Onone";
				TARGETED_DEVICE_FAMILY = "1,2";
			};
			name = Debug;
		};
		88DB89DF1A86D1A900DED153 /* Release */ = {
			isa = XCBuildConfiguration;
			buildSettings = {
				ALWAYS_SEARCH_USER_PATHS = NO;
				CLANG_CXX_LANGUAGE_STANDARD = "gnu++0x";
				CLANG_CXX_LIBRARY = "libc++";
				CLANG_ENABLE_MODULES = YES;
				CLANG_ENABLE_OBJC_ARC = YES;
				CLANG_WARN_BOOL_CONVERSION = YES;
				CLANG_WARN_CONSTANT_CONVERSION = YES;
				CLANG_WARN_DIRECT_OBJC_ISA_USAGE = YES_ERROR;
				CLANG_WARN_EMPTY_BODY = YES;
				CLANG_WARN_ENUM_CONVERSION = YES;
				CLANG_WARN_INT_CONVERSION = YES;
				CLANG_WARN_OBJC_ROOT_CLASS = YES_ERROR;
				CLANG_WARN_UNREACHABLE_CODE = YES;
				CLANG_WARN__DUPLICATE_METHOD_MATCH = YES;
				"CODE_SIGN_IDENTITY[sdk=iphoneos*]" = "iPhone Developer";
				COPY_PHASE_STRIP = YES;
				ENABLE_NS_ASSERTIONS = NO;
				ENABLE_STRICT_OBJC_MSGSEND = YES;
				GCC_C_LANGUAGE_STANDARD = gnu99;
				GCC_WARN_64_TO_32_BIT_CONVERSION = YES;
				GCC_WARN_ABOUT_RETURN_TYPE = YES_ERROR;
				GCC_WARN_UNDECLARED_SELECTOR = YES;
				GCC_WARN_UNINITIALIZED_AUTOS = YES_AGGRESSIVE;
				GCC_WARN_UNUSED_FUNCTION = YES;
				GCC_WARN_UNUSED_VARIABLE = YES;
				IPHONEOS_DEPLOYMENT_TARGET = 8.1;
				MTL_ENABLE_DEBUG_INFO = NO;
				PRODUCT_NAME = DataSources;
				SDKROOT = iphoneos;
				TARGETED_DEVICE_FAMILY = "1,2";
				VALIDATE_PRODUCT = YES;
			};
			name = Release;
		};
		88DB89E11A86D1A900DED153 /* Debug */ = {
			isa = XCBuildConfiguration;
			buildSettings = {
				ASSETCATALOG_COMPILER_APPICON_NAME = AppIcon;
				EMBEDDED_CONTENT_CONTAINS_SWIFT = YES;
				INFOPLIST_FILE = Example/Info.plist;
				IPHONEOS_DEPLOYMENT_TARGET = 8.0;
				LD_RUNPATH_SEARCH_PATHS = "$(inherited) @executable_path/Frameworks";
				PRODUCT_BUNDLE_IDENTIFIER = "com.hexedbits.$(PRODUCT_NAME)";
				PRODUCT_MODULE_NAME = Example;
				PRODUCT_NAME = "$(PRODUCT_NAME)";
			};
			name = Debug;
		};
		88DB89E21A86D1A900DED153 /* Release */ = {
			isa = XCBuildConfiguration;
			buildSettings = {
				ASSETCATALOG_COMPILER_APPICON_NAME = AppIcon;
				EMBEDDED_CONTENT_CONTAINS_SWIFT = YES;
				INFOPLIST_FILE = Example/Info.plist;
				IPHONEOS_DEPLOYMENT_TARGET = 8.0;
				LD_RUNPATH_SEARCH_PATHS = "$(inherited) @executable_path/Frameworks";
				PRODUCT_BUNDLE_IDENTIFIER = "com.hexedbits.$(PRODUCT_NAME)";
				PRODUCT_MODULE_NAME = Example;
				PRODUCT_NAME = "$(PRODUCT_NAME)";
			};
			name = Release;
		};
/* End XCBuildConfiguration section */

/* Begin XCConfigurationList section */
		886EC78E1CFF2C8400BDE6FA /* Build configuration list for PBXNativeTarget "ExampleUITests" */ = {
			isa = XCConfigurationList;
			buildConfigurations = (
				886EC7881CFF2C8400BDE6FA /* Debug */,
				886EC7891CFF2C8400BDE6FA /* Release */,
			);
			defaultConfigurationIsVisible = 0;
		};
		8878633B1B3699C800E2F51C /* Build configuration list for PBXNativeTarget "ExampleTests" */ = {
			isa = XCConfigurationList;
			buildConfigurations = (
				8878633C1B3699C800E2F51C /* Debug */,
				8878633D1B3699C800E2F51C /* Release */,
			);
			defaultConfigurationIsVisible = 0;
			defaultConfigurationName = Release;
		};
		88DB89BC1A86D1A900DED153 /* Build configuration list for PBXProject "Example" */ = {
			isa = XCConfigurationList;
			buildConfigurations = (
				88DB89DE1A86D1A900DED153 /* Debug */,
				88DB89DF1A86D1A900DED153 /* Release */,
			);
			defaultConfigurationIsVisible = 0;
			defaultConfigurationName = Release;
		};
		88DB89E01A86D1A900DED153 /* Build configuration list for PBXNativeTarget "Example" */ = {
			isa = XCConfigurationList;
			buildConfigurations = (
				88DB89E11A86D1A900DED153 /* Debug */,
				88DB89E21A86D1A900DED153 /* Release */,
			);
			defaultConfigurationIsVisible = 0;
			defaultConfigurationName = Release;
		};
/* End XCConfigurationList section */

/* Begin XCVersionGroup section */
		88BD673D1A99572F00F93FA6 /* Model.xcdatamodeld */ = {
			isa = XCVersionGroup;
			children = (
				88BD673E1A99572F00F93FA6 /* Model.xcdatamodel */,
			);
			currentVersion = 88BD673E1A99572F00F93FA6 /* Model.xcdatamodel */;
			path = Model.xcdatamodeld;
			sourceTree = "<group>";
			versionGroupType = wrapper.xcdatamodel;
		};
/* End XCVersionGroup section */
	};
	rootObject = 88DB89B91A86D1A900DED153 /* Project object */;
}
