// !$*UTF8*$!
{
	archiveVersion = 1;
	classes = {
	};
	objectVersion = 46;
	objects = {

/* Begin PBXBuildFile section */
		887DD0881B3BAC6C00FC4BF1 /* JSQDataSourcesKit.h in Headers */ = {isa = PBXBuildFile; fileRef = 887DD0871B3BAC6C00FC4BF1 /* JSQDataSourcesKit.h */; settings = {ATTRIBUTES = (Public, ); }; };
		887DD08F1B3BAC6C00FC4BF1 /* JSQDataSourcesKit.framework in Frameworks */ = {isa = PBXBuildFile; fileRef = 887DD0841B3BAC6C00FC4BF1 /* JSQDataSourcesKit.framework */; };
		887DD0A41B3BACAB00FC4BF1 /* CollectionViewDataSource.swift in Sources */ = {isa = PBXBuildFile; fileRef = 887DD09E1B3BACAB00FC4BF1 /* CollectionViewDataSource.swift */; };
		887DD0A51B3BACAB00FC4BF1 /* FetchedResultsDelegate.swift in Sources */ = {isa = PBXBuildFile; fileRef = 887DD09F1B3BACAB00FC4BF1 /* FetchedResultsDelegate.swift */; };
		887DD0A61B3BACAB00FC4BF1 /* TableViewDataSource.swift in Sources */ = {isa = PBXBuildFile; fileRef = 887DD0A01B3BACAB00FC4BF1 /* TableViewDataSource.swift */; };
		887DD0A71B3BACAB00FC4BF1 /* TitledCollectionReusableView.swift in Sources */ = {isa = PBXBuildFile; fileRef = 887DD0A11B3BACAB00FC4BF1 /* TitledCollectionReusableView.swift */; };
		887DD0A81B3BACAB00FC4BF1 /* TitledCollectionReusableView.xib in Resources */ = {isa = PBXBuildFile; fileRef = 887DD0A21B3BACAB00FC4BF1 /* TitledCollectionReusableView.xib */; };
		887DD0A91B3BACAB00FC4BF1 /* TitledCollectionReusableViewFactory.swift in Sources */ = {isa = PBXBuildFile; fileRef = 887DD0A31B3BACAB00FC4BF1 /* TitledCollectionReusableViewFactory.swift */; };
		887DD0AC1B3BACE200FC4BF1 /* CollectionViewDataSourceTests.swift in Sources */ = {isa = PBXBuildFile; fileRef = 887DD0AA1B3BACE200FC4BF1 /* CollectionViewDataSourceTests.swift */; };
		887DD0AD1B3BACE200FC4BF1 /* TableViewDataSourceTests.swift in Sources */ = {isa = PBXBuildFile; fileRef = 887DD0AB1B3BACE200FC4BF1 /* TableViewDataSourceTests.swift */; };
		887FE5131BA4DB880018ACBC /* TableViewSectionTests.swift in Sources */ = {isa = PBXBuildFile; fileRef = 887FE5121BA4DB880018ACBC /* TableViewSectionTests.swift */; settings = {ASSET_TAGS = (); }; };
		887FE5151BA4DC2D0018ACBC /* TableViewFakes.swift in Sources */ = {isa = PBXBuildFile; fileRef = 887FE5141BA4DC2D0018ACBC /* TableViewFakes.swift */; settings = {ASSET_TAGS = (); }; };
		887FE5181BA4DD290018ACBC /* TableViewDataSourceSubscriptTests.swift in Sources */ = {isa = PBXBuildFile; fileRef = 887FE5171BA4DD290018ACBC /* TableViewDataSourceSubscriptTests.swift */; settings = {ASSET_TAGS = (); }; };
		88B017F21B3BADFD00C9B29A /* JSQDataSourcesKit.framework in Embed Frameworks */ = {isa = PBXBuildFile; fileRef = 887DD0841B3BAC6C00FC4BF1 /* JSQDataSourcesKit.framework */; settings = {ATTRIBUTES = (CodeSignOnCopy, RemoveHeadersOnCopy, ); }; };
/* End PBXBuildFile section */

/* Begin PBXContainerItemProxy section */
		887DD0901B3BAC6C00FC4BF1 /* PBXContainerItemProxy */ = {
			isa = PBXContainerItemProxy;
			containerPortal = 887DD07B1B3BAC6C00FC4BF1 /* Project object */;
			proxyType = 1;
			remoteGlobalIDString = 887DD0831B3BAC6C00FC4BF1;
			remoteInfo = JSQDataSourcesKit;
		};
/* End PBXContainerItemProxy section */

/* Begin PBXCopyFilesBuildPhase section */
		88B017F11B3BADF400C9B29A /* Embed Frameworks */ = {
			isa = PBXCopyFilesBuildPhase;
			buildActionMask = 2147483647;
			dstPath = "";
			dstSubfolderSpec = 10;
			files = (
				88B017F21B3BADFD00C9B29A /* JSQDataSourcesKit.framework in Embed Frameworks */,
			);
			name = "Embed Frameworks";
			runOnlyForDeploymentPostprocessing = 0;
		};
/* End PBXCopyFilesBuildPhase section */

/* Begin PBXFileReference section */
		887DD0841B3BAC6C00FC4BF1 /* JSQDataSourcesKit.framework */ = {isa = PBXFileReference; explicitFileType = wrapper.framework; includeInIndex = 0; path = JSQDataSourcesKit.framework; sourceTree = BUILT_PRODUCTS_DIR; };
		887DD0871B3BAC6C00FC4BF1 /* JSQDataSourcesKit.h */ = {isa = PBXFileReference; lastKnownFileType = sourcecode.c.h; path = JSQDataSourcesKit.h; sourceTree = "<group>"; };
		887DD0891B3BAC6C00FC4BF1 /* Info.plist */ = {isa = PBXFileReference; lastKnownFileType = text.plist.xml; path = Info.plist; sourceTree = "<group>"; };
		887DD08E1B3BAC6C00FC4BF1 /* JSQDataSourcesKitTests.xctest */ = {isa = PBXFileReference; explicitFileType = wrapper.cfbundle; includeInIndex = 0; path = JSQDataSourcesKitTests.xctest; sourceTree = BUILT_PRODUCTS_DIR; };
		887DD0951B3BAC6C00FC4BF1 /* Info.plist */ = {isa = PBXFileReference; lastKnownFileType = text.plist.xml; path = Info.plist; sourceTree = "<group>"; };
		887DD09E1B3BACAB00FC4BF1 /* CollectionViewDataSource.swift */ = {isa = PBXFileReference; fileEncoding = 4; lastKnownFileType = sourcecode.swift; path = CollectionViewDataSource.swift; sourceTree = "<group>"; };
		887DD09F1B3BACAB00FC4BF1 /* FetchedResultsDelegate.swift */ = {isa = PBXFileReference; fileEncoding = 4; lastKnownFileType = sourcecode.swift; path = FetchedResultsDelegate.swift; sourceTree = "<group>"; };
		887DD0A01B3BACAB00FC4BF1 /* TableViewDataSource.swift */ = {isa = PBXFileReference; fileEncoding = 4; lastKnownFileType = sourcecode.swift; path = TableViewDataSource.swift; sourceTree = "<group>"; };
		887DD0A11B3BACAB00FC4BF1 /* TitledCollectionReusableView.swift */ = {isa = PBXFileReference; fileEncoding = 4; lastKnownFileType = sourcecode.swift; path = TitledCollectionReusableView.swift; sourceTree = "<group>"; };
		887DD0A21B3BACAB00FC4BF1 /* TitledCollectionReusableView.xib */ = {isa = PBXFileReference; fileEncoding = 4; lastKnownFileType = file.xib; path = TitledCollectionReusableView.xib; sourceTree = "<group>"; };
		887DD0A31B3BACAB00FC4BF1 /* TitledCollectionReusableViewFactory.swift */ = {isa = PBXFileReference; fileEncoding = 4; lastKnownFileType = sourcecode.swift; path = TitledCollectionReusableViewFactory.swift; sourceTree = "<group>"; };
		887DD0AA1B3BACE200FC4BF1 /* CollectionViewDataSourceTests.swift */ = {isa = PBXFileReference; fileEncoding = 4; lastKnownFileType = sourcecode.swift; path = CollectionViewDataSourceTests.swift; sourceTree = "<group>"; };
		887DD0AB1B3BACE200FC4BF1 /* TableViewDataSourceTests.swift */ = {isa = PBXFileReference; fileEncoding = 4; lastKnownFileType = sourcecode.swift; path = TableViewDataSourceTests.swift; sourceTree = "<group>"; };
		887FE5121BA4DB880018ACBC /* TableViewSectionTests.swift */ = {isa = PBXFileReference; fileEncoding = 4; lastKnownFileType = sourcecode.swift; path = TableViewSectionTests.swift; sourceTree = "<group>"; };
		887FE5141BA4DC2D0018ACBC /* TableViewFakes.swift */ = {isa = PBXFileReference; fileEncoding = 4; lastKnownFileType = sourcecode.swift; path = TableViewFakes.swift; sourceTree = "<group>"; };
		887FE5171BA4DD290018ACBC /* TableViewDataSourceSubscriptTests.swift */ = {isa = PBXFileReference; fileEncoding = 4; lastKnownFileType = sourcecode.swift; path = TableViewDataSourceSubscriptTests.swift; sourceTree = "<group>"; };
/* End PBXFileReference section */

/* Begin PBXFrameworksBuildPhase section */
		887DD0801B3BAC6C00FC4BF1 /* Frameworks */ = {
			isa = PBXFrameworksBuildPhase;
			buildActionMask = 2147483647;
			files = (
			);
			runOnlyForDeploymentPostprocessing = 0;
		};
		887DD08B1B3BAC6C00FC4BF1 /* Frameworks */ = {
			isa = PBXFrameworksBuildPhase;
			buildActionMask = 2147483647;
			files = (
				887DD08F1B3BAC6C00FC4BF1 /* JSQDataSourcesKit.framework in Frameworks */,
			);
			runOnlyForDeploymentPostprocessing = 0;
		};
/* End PBXFrameworksBuildPhase section */

/* Begin PBXGroup section */
		887DD07A1B3BAC6C00FC4BF1 = {
			isa = PBXGroup;
			children = (
				887DD0861B3BAC6C00FC4BF1 /* JSQDataSourcesKit */,
				887DD0921B3BAC6C00FC4BF1 /* JSQDataSourcesKitTests */,
				887DD0851B3BAC6C00FC4BF1 /* Products */,
			);
			sourceTree = "<group>";
		};
		887DD0851B3BAC6C00FC4BF1 /* Products */ = {
			isa = PBXGroup;
			children = (
				887DD0841B3BAC6C00FC4BF1 /* JSQDataSourcesKit.framework */,
				887DD08E1B3BAC6C00FC4BF1 /* JSQDataSourcesKitTests.xctest */,
			);
			name = Products;
			sourceTree = "<group>";
		};
		887DD0861B3BAC6C00FC4BF1 /* JSQDataSourcesKit */ = {
			isa = PBXGroup;
			children = (
				887DD09E1B3BACAB00FC4BF1 /* CollectionViewDataSource.swift */,
				887DD09F1B3BACAB00FC4BF1 /* FetchedResultsDelegate.swift */,
				887DD0A01B3BACAB00FC4BF1 /* TableViewDataSource.swift */,
				887DD0A11B3BACAB00FC4BF1 /* TitledCollectionReusableView.swift */,
				887DD0A21B3BACAB00FC4BF1 /* TitledCollectionReusableView.xib */,
				887DD0A31B3BACAB00FC4BF1 /* TitledCollectionReusableViewFactory.swift */,
				88B017F41B3BAE4100C9B29A /* Support */,
			);
			path = JSQDataSourcesKit;
			sourceTree = "<group>";
		};
		887DD0921B3BAC6C00FC4BF1 /* JSQDataSourcesKitTests */ = {
			isa = PBXGroup;
			children = (
				887DD0AA1B3BACE200FC4BF1 /* CollectionViewDataSourceTests.swift */,
				887FE5161BA4DC320018ACBC /* Fakes */,
				88B017F31B3BAE3200C9B29A /* Support */,
				887FE5171BA4DD290018ACBC /* TableViewDataSourceSubscriptTests.swift */,
				887DD0AB1B3BACE200FC4BF1 /* TableViewDataSourceTests.swift */,
				887FE5121BA4DB880018ACBC /* TableViewSectionTests.swift */,
			);
			path = JSQDataSourcesKitTests;
			sourceTree = "<group>";
		};
		887FE5161BA4DC320018ACBC /* Fakes */ = {
			isa = PBXGroup;
			children = (
				887FE5141BA4DC2D0018ACBC /* TableViewFakes.swift */,
			);
			name = Fakes;
			sourceTree = "<group>";
		};
		88B017F31B3BAE3200C9B29A /* Support */ = {
			isa = PBXGroup;
			children = (
				887DD0951B3BAC6C00FC4BF1 /* Info.plist */,
			);
			name = Support;
			sourceTree = "<group>";
		};
		88B017F41B3BAE4100C9B29A /* Support */ = {
			isa = PBXGroup;
			children = (
				887DD0891B3BAC6C00FC4BF1 /* Info.plist */,
				887DD0871B3BAC6C00FC4BF1 /* JSQDataSourcesKit.h */,
			);
			name = Support;
			sourceTree = "<group>";
		};
/* End PBXGroup section */

/* Begin PBXHeadersBuildPhase section */
		887DD0811B3BAC6C00FC4BF1 /* Headers */ = {
			isa = PBXHeadersBuildPhase;
			buildActionMask = 2147483647;
			files = (
				887DD0881B3BAC6C00FC4BF1 /* JSQDataSourcesKit.h in Headers */,
			);
			runOnlyForDeploymentPostprocessing = 0;
		};
/* End PBXHeadersBuildPhase section */

/* Begin PBXNativeTarget section */
		887DD0831B3BAC6C00FC4BF1 /* JSQDataSourcesKit */ = {
			isa = PBXNativeTarget;
			buildConfigurationList = 887DD0981B3BAC6C00FC4BF1 /* Build configuration list for PBXNativeTarget "JSQDataSourcesKit" */;
			buildPhases = (
				887DD07F1B3BAC6C00FC4BF1 /* Sources */,
				887DD0801B3BAC6C00FC4BF1 /* Frameworks */,
				887DD0811B3BAC6C00FC4BF1 /* Headers */,
				887DD0821B3BAC6C00FC4BF1 /* Resources */,
			);
			buildRules = (
			);
			dependencies = (
			);
			name = JSQDataSourcesKit;
			productName = JSQDataSourcesKit;
			productReference = 887DD0841B3BAC6C00FC4BF1 /* JSQDataSourcesKit.framework */;
			productType = "com.apple.product-type.framework";
		};
		887DD08D1B3BAC6C00FC4BF1 /* JSQDataSourcesKitTests */ = {
			isa = PBXNativeTarget;
			buildConfigurationList = 887DD09B1B3BAC6C00FC4BF1 /* Build configuration list for PBXNativeTarget "JSQDataSourcesKitTests" */;
			buildPhases = (
				887DD08A1B3BAC6C00FC4BF1 /* Sources */,
				887DD08B1B3BAC6C00FC4BF1 /* Frameworks */,
				887DD08C1B3BAC6C00FC4BF1 /* Resources */,
				88B017F11B3BADF400C9B29A /* Embed Frameworks */,
			);
			buildRules = (
			);
			dependencies = (
				887DD0911B3BAC6C00FC4BF1 /* PBXTargetDependency */,
			);
			name = JSQDataSourcesKitTests;
			productName = JSQDataSourcesKitTests;
			productReference = 887DD08E1B3BAC6C00FC4BF1 /* JSQDataSourcesKitTests.xctest */;
			productType = "com.apple.product-type.bundle.unit-test";
		};
/* End PBXNativeTarget section */

/* Begin PBXProject section */
		887DD07B1B3BAC6C00FC4BF1 /* Project object */ = {
			isa = PBXProject;
			attributes = {
				LastSwiftUpdateCheck = 0700;
				LastUpgradeCheck = 0700;
				ORGANIZATIONNAME = "Hexed Bits";
				TargetAttributes = {
					887DD0831B3BAC6C00FC4BF1 = {
						CreatedOnToolsVersion = 7.0;
					};
					887DD08D1B3BAC6C00FC4BF1 = {
						CreatedOnToolsVersion = 7.0;
					};
				};
			};
			buildConfigurationList = 887DD07E1B3BAC6C00FC4BF1 /* Build configuration list for PBXProject "JSQDataSourcesKit" */;
			compatibilityVersion = "Xcode 3.2";
			developmentRegion = English;
			hasScannedForEncodings = 0;
			knownRegions = (
				en,
			);
			mainGroup = 887DD07A1B3BAC6C00FC4BF1;
			productRefGroup = 887DD0851B3BAC6C00FC4BF1 /* Products */;
			projectDirPath = "";
			projectRoot = "";
			targets = (
				887DD0831B3BAC6C00FC4BF1 /* JSQDataSourcesKit */,
				887DD08D1B3BAC6C00FC4BF1 /* JSQDataSourcesKitTests */,
			);
		};
/* End PBXProject section */

/* Begin PBXResourcesBuildPhase section */
		887DD0821B3BAC6C00FC4BF1 /* Resources */ = {
			isa = PBXResourcesBuildPhase;
			buildActionMask = 2147483647;
			files = (
				887DD0A81B3BACAB00FC4BF1 /* TitledCollectionReusableView.xib in Resources */,
			);
			runOnlyForDeploymentPostprocessing = 0;
		};
		887DD08C1B3BAC6C00FC4BF1 /* Resources */ = {
			isa = PBXResourcesBuildPhase;
			buildActionMask = 2147483647;
			files = (
			);
			runOnlyForDeploymentPostprocessing = 0;
		};
/* End PBXResourcesBuildPhase section */

/* Begin PBXSourcesBuildPhase section */
		887DD07F1B3BAC6C00FC4BF1 /* Sources */ = {
			isa = PBXSourcesBuildPhase;
			buildActionMask = 2147483647;
			files = (
				887DD0A61B3BACAB00FC4BF1 /* TableViewDataSource.swift in Sources */,
				887DD0A71B3BACAB00FC4BF1 /* TitledCollectionReusableView.swift in Sources */,
				887DD0A41B3BACAB00FC4BF1 /* CollectionViewDataSource.swift in Sources */,
				887DD0A51B3BACAB00FC4BF1 /* FetchedResultsDelegate.swift in Sources */,
				887DD0A91B3BACAB00FC4BF1 /* TitledCollectionReusableViewFactory.swift in Sources */,
			);
			runOnlyForDeploymentPostprocessing = 0;
		};
		887DD08A1B3BAC6C00FC4BF1 /* Sources */ = {
			isa = PBXSourcesBuildPhase;
			buildActionMask = 2147483647;
			files = (
				887FE5151BA4DC2D0018ACBC /* TableViewFakes.swift in Sources */,
				887FE5131BA4DB880018ACBC /* TableViewSectionTests.swift in Sources */,
				887DD0AD1B3BACE200FC4BF1 /* TableViewDataSourceTests.swift in Sources */,
				887FE5181BA4DD290018ACBC /* TableViewDataSourceSubscriptTests.swift in Sources */,
				887DD0AC1B3BACE200FC4BF1 /* CollectionViewDataSourceTests.swift in Sources */,
			);
			runOnlyForDeploymentPostprocessing = 0;
		};
/* End PBXSourcesBuildPhase section */

/* Begin PBXTargetDependency section */
		887DD0911B3BAC6C00FC4BF1 /* PBXTargetDependency */ = {
			isa = PBXTargetDependency;
			target = 887DD0831B3BAC6C00FC4BF1 /* JSQDataSourcesKit */;
			targetProxy = 887DD0901B3BAC6C00FC4BF1 /* PBXContainerItemProxy */;
		};
/* End PBXTargetDependency section */

/* Begin XCBuildConfiguration section */
		887DD0961B3BAC6C00FC4BF1 /* Debug */ = {
			isa = XCBuildConfiguration;
			buildSettings = {
				ALWAYS_SEARCH_USER_PATHS = NO;
				CLANG_CXX_LANGUAGE_STANDARD = "gnu++0x";
				CLANG_CXX_LIBRARY = "libc++";
				CLANG_ENABLE_MODULES = YES;
				CLANG_ENABLE_OBJC_ARC = YES;
				CLANG_WARN_BOOL_CONVERSION = YES;
				CLANG_WARN_CONSTANT_CONVERSION = YES;
				CLANG_WARN_DIRECT_OBJC_ISA_USAGE = YES_ERROR;
				CLANG_WARN_EMPTY_BODY = YES;
				CLANG_WARN_ENUM_CONVERSION = YES;
				CLANG_WARN_INT_CONVERSION = YES;
				CLANG_WARN_OBJC_ROOT_CLASS = YES_ERROR;
				CLANG_WARN_UNREACHABLE_CODE = YES;
				CLANG_WARN__DUPLICATE_METHOD_MATCH = YES;
				"CODE_SIGN_IDENTITY[sdk=iphoneos*]" = "iPhone Developer";
				COPY_PHASE_STRIP = NO;
				CURRENT_PROJECT_VERSION = 1;
				DEBUG_INFORMATION_FORMAT = dwarf;
				ENABLE_STRICT_OBJC_MSGSEND = YES;
				ENABLE_TESTABILITY = YES;
				GCC_C_LANGUAGE_STANDARD = gnu99;
				GCC_DYNAMIC_NO_PIC = NO;
				GCC_NO_COMMON_BLOCKS = YES;
				GCC_OPTIMIZATION_LEVEL = 0;
				GCC_PREPROCESSOR_DEFINITIONS = (
					"DEBUG=1",
					"$(inherited)",
				);
				GCC_WARN_64_TO_32_BIT_CONVERSION = YES;
				GCC_WARN_ABOUT_RETURN_TYPE = YES_ERROR;
				GCC_WARN_UNDECLARED_SELECTOR = YES;
				GCC_WARN_UNINITIALIZED_AUTOS = YES_AGGRESSIVE;
				GCC_WARN_UNUSED_FUNCTION = YES;
				GCC_WARN_UNUSED_VARIABLE = YES;
				IPHONEOS_DEPLOYMENT_TARGET = 8.0;
				MTL_ENABLE_DEBUG_INFO = YES;
				ONLY_ACTIVE_ARCH = YES;
				SDKROOT = iphoneos;
				SWIFT_OPTIMIZATION_LEVEL = "-Onone";
				TARGETED_DEVICE_FAMILY = "1,2";
				VERSIONING_SYSTEM = "apple-generic";
				VERSION_INFO_PREFIX = "";
			};
			name = Debug;
		};
		887DD0971B3BAC6C00FC4BF1 /* Release */ = {
			isa = XCBuildConfiguration;
			buildSettings = {
				ALWAYS_SEARCH_USER_PATHS = NO;
				CLANG_CXX_LANGUAGE_STANDARD = "gnu++0x";
				CLANG_CXX_LIBRARY = "libc++";
				CLANG_ENABLE_MODULES = YES;
				CLANG_ENABLE_OBJC_ARC = YES;
				CLANG_WARN_BOOL_CONVERSION = YES;
				CLANG_WARN_CONSTANT_CONVERSION = YES;
				CLANG_WARN_DIRECT_OBJC_ISA_USAGE = YES_ERROR;
				CLANG_WARN_EMPTY_BODY = YES;
				CLANG_WARN_ENUM_CONVERSION = YES;
				CLANG_WARN_INT_CONVERSION = YES;
				CLANG_WARN_OBJC_ROOT_CLASS = YES_ERROR;
				CLANG_WARN_UNREACHABLE_CODE = YES;
				CLANG_WARN__DUPLICATE_METHOD_MATCH = YES;
				"CODE_SIGN_IDENTITY[sdk=iphoneos*]" = "iPhone Developer";
				COPY_PHASE_STRIP = NO;
				CURRENT_PROJECT_VERSION = 1;
				DEBUG_INFORMATION_FORMAT = "dwarf-with-dsym";
				ENABLE_NS_ASSERTIONS = NO;
				ENABLE_STRICT_OBJC_MSGSEND = YES;
				GCC_C_LANGUAGE_STANDARD = gnu99;
				GCC_NO_COMMON_BLOCKS = YES;
				GCC_WARN_64_TO_32_BIT_CONVERSION = YES;
				GCC_WARN_ABOUT_RETURN_TYPE = YES_ERROR;
				GCC_WARN_UNDECLARED_SELECTOR = YES;
				GCC_WARN_UNINITIALIZED_AUTOS = YES_AGGRESSIVE;
				GCC_WARN_UNUSED_FUNCTION = YES;
				GCC_WARN_UNUSED_VARIABLE = YES;
				IPHONEOS_DEPLOYMENT_TARGET = 8.0;
				MTL_ENABLE_DEBUG_INFO = NO;
				SDKROOT = iphoneos;
				TARGETED_DEVICE_FAMILY = "1,2";
				VALIDATE_PRODUCT = YES;
				VERSIONING_SYSTEM = "apple-generic";
				VERSION_INFO_PREFIX = "";
			};
			name = Release;
		};
		887DD0991B3BAC6C00FC4BF1 /* Debug */ = {
			isa = XCBuildConfiguration;
			buildSettings = {
				CLANG_ENABLE_MODULES = YES;
				DEFINES_MODULE = YES;
				DYLIB_COMPATIBILITY_VERSION = 1;
				DYLIB_CURRENT_VERSION = 1;
				DYLIB_INSTALL_NAME_BASE = "@rpath";
				INFOPLIST_FILE = JSQDataSourcesKit/Info.plist;
				INSTALL_PATH = "$(LOCAL_LIBRARY_DIR)/Frameworks";
				IPHONEOS_DEPLOYMENT_TARGET = 8.0;
				LD_RUNPATH_SEARCH_PATHS = "$(inherited) @executable_path/Frameworks @loader_path/Frameworks";
				PRODUCT_BUNDLE_IDENTIFIER = com.hexedbits.JSQDataSourcesKit;
				PRODUCT_NAME = "$(TARGET_NAME)";
				SKIP_INSTALL = YES;
				SWIFT_OPTIMIZATION_LEVEL = "-Onone";
			};
			name = Debug;
		};
		887DD09A1B3BAC6C00FC4BF1 /* Release */ = {
			isa = XCBuildConfiguration;
			buildSettings = {
				CLANG_ENABLE_MODULES = YES;
				DEFINES_MODULE = YES;
				DYLIB_COMPATIBILITY_VERSION = 1;
				DYLIB_CURRENT_VERSION = 1;
				DYLIB_INSTALL_NAME_BASE = "@rpath";
				INFOPLIST_FILE = JSQDataSourcesKit/Info.plist;
				INSTALL_PATH = "$(LOCAL_LIBRARY_DIR)/Frameworks";
				IPHONEOS_DEPLOYMENT_TARGET = 8.0;
				LD_RUNPATH_SEARCH_PATHS = "$(inherited) @executable_path/Frameworks @loader_path/Frameworks";
				PRODUCT_BUNDLE_IDENTIFIER = com.hexedbits.JSQDataSourcesKit;
				PRODUCT_NAME = "$(TARGET_NAME)";
				SKIP_INSTALL = YES;
			};
			name = Release;
		};
		887DD09C1B3BAC6C00FC4BF1 /* Debug */ = {
			isa = XCBuildConfiguration;
			buildSettings = {
				CLANG_ENABLE_MODULES = YES;
				INFOPLIST_FILE = JSQDataSourcesKitTests/Info.plist;
				LD_RUNPATH_SEARCH_PATHS = "$(inherited) @executable_path/Frameworks @loader_path/Frameworks";
				PRODUCT_BUNDLE_IDENTIFIER = com.hexedbits.JSQDataSourcesKitTests;
				PRODUCT_NAME = "$(TARGET_NAME)";
				SWIFT_OPTIMIZATION_LEVEL = "-Onone";
			};
			name = Debug;
		};
		887DD09D1B3BAC6C00FC4BF1 /* Release */ = {
			isa = XCBuildConfiguration;
			buildSettings = {
				CLANG_ENABLE_MODULES = YES;
				INFOPLIST_FILE = JSQDataSourcesKitTests/Info.plist;
				LD_RUNPATH_SEARCH_PATHS = "$(inherited) @executable_path/Frameworks @loader_path/Frameworks";
				PRODUCT_BUNDLE_IDENTIFIER = com.hexedbits.JSQDataSourcesKitTests;
				PRODUCT_NAME = "$(TARGET_NAME)";
			};
			name = Release;
		};
/* End XCBuildConfiguration section */

/* Begin XCConfigurationList section */
		887DD07E1B3BAC6C00FC4BF1 /* Build configuration list for PBXProject "JSQDataSourcesKit" */ = {
			isa = XCConfigurationList;
			buildConfigurations = (
				887DD0961B3BAC6C00FC4BF1 /* Debug */,
				887DD0971B3BAC6C00FC4BF1 /* Release */,
			);
			defaultConfigurationIsVisible = 0;
			defaultConfigurationName = Release;
		};
		887DD0981B3BAC6C00FC4BF1 /* Build configuration list for PBXNativeTarget "JSQDataSourcesKit" */ = {
			isa = XCConfigurationList;
			buildConfigurations = (
				887DD0991B3BAC6C00FC4BF1 /* Debug */,
				887DD09A1B3BAC6C00FC4BF1 /* Release */,
			);
			defaultConfigurationIsVisible = 0;
			defaultConfigurationName = Release;
		};
		887DD09B1B3BAC6C00FC4BF1 /* Build configuration list for PBXNativeTarget "JSQDataSourcesKitTests" */ = {
			isa = XCConfigurationList;
			buildConfigurations = (
				887DD09C1B3BAC6C00FC4BF1 /* Debug */,
				887DD09D1B3BAC6C00FC4BF1 /* Release */,
			);
			defaultConfigurationIsVisible = 0;
			defaultConfigurationName = Release;
		};
/* End XCConfigurationList section */
	};
	rootObject = 887DD07B1B3BAC6C00FC4BF1 /* Project object */;
}
